// !$*UTF8*$!
{
	archiveVersion = 1;
	classes = {
	};
	objectVersion = 46;
	objects = {

/* Begin PBXBuildFile section */
		2BE82D1A1E646079003AE943 /* AppDelegate.swift in Sources */ = {isa = PBXBuildFile; fileRef = 2BE82D191E646079003AE943 /* AppDelegate.swift */; };
		2BE82D1C1E646079003AE943 /* ViewController.swift in Sources */ = {isa = PBXBuildFile; fileRef = 2BE82D1B1E646079003AE943 /* ViewController.swift */; };
		2BE82D1F1E646079003AE943 /* Main.storyboard in Resources */ = {isa = PBXBuildFile; fileRef = 2BE82D1D1E646079003AE943 /* Main.storyboard */; };
		2BE82D211E646079003AE943 /* Assets.xcassets in Resources */ = {isa = PBXBuildFile; fileRef = 2BE82D201E646079003AE943 /* Assets.xcassets */; };
		2BE82D241E646079003AE943 /* LaunchScreen.storyboard in Resources */ = {isa = PBXBuildFile; fileRef = 2BE82D221E646079003AE943 /* LaunchScreen.storyboard */; };
		2BE82D2F1E64607A003AE943 /* HealthKitDemoTests.swift in Sources */ = {isa = PBXBuildFile; fileRef = 2BE82D2E1E64607A003AE943 /* HealthKitDemoTests.swift */; };
		2BE82D3A1E64607A003AE943 /* HealthKitDemoUITests.swift in Sources */ = {isa = PBXBuildFile; fileRef = 2BE82D391E64607A003AE943 /* HealthKitDemoUITests.swift */; };
		2BE82D3F1E64607A003AE943 /* HealthKitDemo WatchKit App.app in Embed Watch Content */ = {isa = PBXBuildFile; fileRef = 2BE82D3E1E64607A003AE943 /* HealthKitDemo WatchKit App.app */; };
		2BE82D451E64607A003AE943 /* Interface.storyboard in Resources */ = {isa = PBXBuildFile; fileRef = 2BE82D431E64607A003AE943 /* Interface.storyboard */; };
		2BE82D471E64607A003AE943 /* Assets.xcassets in Resources */ = {isa = PBXBuildFile; fileRef = 2BE82D461E64607A003AE943 /* Assets.xcassets */; };
		2BE82D4E1E64607A003AE943 /* HealthKitDemo WatchKit Extension.appex in Embed App Extensions */ = {isa = PBXBuildFile; fileRef = 2BE82D4D1E64607A003AE943 /* HealthKitDemo WatchKit Extension.appex */; settings = {ATTRIBUTES = (RemoveHeadersOnCopy, ); }; };
		2BE82D551E64607A003AE943 /* InterfaceController.swift in Sources */ = {isa = PBXBuildFile; fileRef = 2BE82D541E64607A003AE943 /* InterfaceController.swift */; };
		2BE82D571E64607A003AE943 /* ExtensionDelegate.swift in Sources */ = {isa = PBXBuildFile; fileRef = 2BE82D561E64607A003AE943 /* ExtensionDelegate.swift */; };
		2BE82D591E64607A003AE943 /* NotificationController.swift in Sources */ = {isa = PBXBuildFile; fileRef = 2BE82D581E64607A003AE943 /* NotificationController.swift */; };
		2BE82D5B1E64607A003AE943 /* Assets.xcassets in Resources */ = {isa = PBXBuildFile; fileRef = 2BE82D5A1E64607A003AE943 /* Assets.xcassets */; };
		2BF562C51E6584C800A29F10 /* HealthKit.framework in Frameworks */ = {isa = PBXBuildFile; fileRef = 2BF562C41E6584C800A29F10 /* HealthKit.framework */; };
		58D32CC97F3F992D23F358A8 /* Pods_HealthKitDemo_WatchKit_App.framework in Frameworks */ = {isa = PBXBuildFile; fileRef = 2795B6DD3C9526239AF4633E /* Pods_HealthKitDemo_WatchKit_App.framework */; };
		ABD20A95390ACC4C954DA05A /* Pods_HealthKitDemo.framework in Frameworks */ = {isa = PBXBuildFile; fileRef = A75960BC894152AFF4C0AC11 /* Pods_HealthKitDemo.framework */; };
		B5A4953DF91352645CAC3462 /* Pods_HealthKitDemoTests.framework in Frameworks */ = {isa = PBXBuildFile; fileRef = ADA6C86A4A351DF893317D45 /* Pods_HealthKitDemoTests.framework */; };
		D9DD9986076D6E30A81BEF93 /* Pods_HealthKitDemo_WatchKit_Extension.framework in Frameworks */ = {isa = PBXBuildFile; fileRef = 26F082696FD54C08D104C315 /* Pods_HealthKitDemo_WatchKit_Extension.framework */; };
		EE6CC6FC0A2691BF84115186 /* Pods_HealthKitDemoUITests.framework in Frameworks */ = {isa = PBXBuildFile; fileRef = 2F2D382CF0D2D2F8F0C3677A /* Pods_HealthKitDemoUITests.framework */; };
/* End PBXBuildFile section */

/* Begin PBXContainerItemProxy section */
		2BE82D2B1E64607A003AE943 /* PBXContainerItemProxy */ = {
			isa = PBXContainerItemProxy;
			containerPortal = 2BE82D0E1E646077003AE943 /* Project object */;
			proxyType = 1;
			remoteGlobalIDString = 2BE82D151E646077003AE943;
			remoteInfo = HealthKitDemo;
		};
		2BE82D361E64607A003AE943 /* PBXContainerItemProxy */ = {
			isa = PBXContainerItemProxy;
			containerPortal = 2BE82D0E1E646077003AE943 /* Project object */;
			proxyType = 1;
			remoteGlobalIDString = 2BE82D151E646077003AE943;
			remoteInfo = HealthKitDemo;
		};
		2BE82D401E64607A003AE943 /* PBXContainerItemProxy */ = {
			isa = PBXContainerItemProxy;
			containerPortal = 2BE82D0E1E646077003AE943 /* Project object */;
			proxyType = 1;
			remoteGlobalIDString = 2BE82D3D1E64607A003AE943;
			remoteInfo = "HealthKitDemo WatchKit App";
		};
		2BE82D4F1E64607A003AE943 /* PBXContainerItemProxy */ = {
			isa = PBXContainerItemProxy;
			containerPortal = 2BE82D0E1E646077003AE943 /* Project object */;
			proxyType = 1;
			remoteGlobalIDString = 2BE82D4C1E64607A003AE943;
			remoteInfo = "HealthKitDemo WatchKit Extension";
		};
/* End PBXContainerItemProxy section */

/* Begin PBXCopyFilesBuildPhase section */
		2BE82D621E64607A003AE943 /* Embed App Extensions */ = {
			isa = PBXCopyFilesBuildPhase;
			buildActionMask = 2147483647;
			dstPath = "";
			dstSubfolderSpec = 13;
			files = (
				2BE82D4E1E64607A003AE943 /* HealthKitDemo WatchKit Extension.appex in Embed App Extensions */,
			);
			name = "Embed App Extensions";
			runOnlyForDeploymentPostprocessing = 0;
		};
		2BE82D661E64607A003AE943 /* Embed Watch Content */ = {
			isa = PBXCopyFilesBuildPhase;
			buildActionMask = 2147483647;
			dstPath = "$(CONTENTS_FOLDER_PATH)/Watch";
			dstSubfolderSpec = 16;
			files = (
				2BE82D3F1E64607A003AE943 /* HealthKitDemo WatchKit App.app in Embed Watch Content */,
			);
			name = "Embed Watch Content";
			runOnlyForDeploymentPostprocessing = 0;
		};
/* End PBXCopyFilesBuildPhase section */

/* Begin PBXFileReference section */
		26F082696FD54C08D104C315 /* Pods_HealthKitDemo_WatchKit_Extension.framework */ = {isa = PBXFileReference; explicitFileType = wrapper.framework; includeInIndex = 0; path = Pods_HealthKitDemo_WatchKit_Extension.framework; sourceTree = BUILT_PRODUCTS_DIR; };
		2795B6DD3C9526239AF4633E /* Pods_HealthKitDemo_WatchKit_App.framework */ = {isa = PBXFileReference; explicitFileType = wrapper.framework; includeInIndex = 0; path = Pods_HealthKitDemo_WatchKit_App.framework; sourceTree = BUILT_PRODUCTS_DIR; };
		2BE82D161E646079003AE943 /* HealthKitDemo.app */ = {isa = PBXFileReference; explicitFileType = wrapper.application; includeInIndex = 0; path = HealthKitDemo.app; sourceTree = BUILT_PRODUCTS_DIR; };
		2BE82D191E646079003AE943 /* AppDelegate.swift */ = {isa = PBXFileReference; lastKnownFileType = sourcecode.swift; path = AppDelegate.swift; sourceTree = "<group>"; };
		2BE82D1B1E646079003AE943 /* ViewController.swift */ = {isa = PBXFileReference; lastKnownFileType = sourcecode.swift; path = ViewController.swift; sourceTree = "<group>"; };
		2BE82D1E1E646079003AE943 /* Base */ = {isa = PBXFileReference; lastKnownFileType = file.storyboard; name = Base; path = Base.lproj/Main.storyboard; sourceTree = "<group>"; };
		2BE82D201E646079003AE943 /* Assets.xcassets */ = {isa = PBXFileReference; lastKnownFileType = folder.assetcatalog; path = Assets.xcassets; sourceTree = "<group>"; };
		2BE82D231E646079003AE943 /* Base */ = {isa = PBXFileReference; lastKnownFileType = file.storyboard; name = Base; path = Base.lproj/LaunchScreen.storyboard; sourceTree = "<group>"; };
		2BE82D251E646079003AE943 /* Info.plist */ = {isa = PBXFileReference; lastKnownFileType = text.plist.xml; path = Info.plist; sourceTree = "<group>"; };
		2BE82D2A1E64607A003AE943 /* HealthKitDemoTests.xctest */ = {isa = PBXFileReference; explicitFileType = wrapper.cfbundle; includeInIndex = 0; path = HealthKitDemoTests.xctest; sourceTree = BUILT_PRODUCTS_DIR; };
		2BE82D2E1E64607A003AE943 /* HealthKitDemoTests.swift */ = {isa = PBXFileReference; lastKnownFileType = sourcecode.swift; path = HealthKitDemoTests.swift; sourceTree = "<group>"; };
		2BE82D301E64607A003AE943 /* Info.plist */ = {isa = PBXFileReference; lastKnownFileType = text.plist.xml; path = Info.plist; sourceTree = "<group>"; };
		2BE82D351E64607A003AE943 /* HealthKitDemoUITests.xctest */ = {isa = PBXFileReference; explicitFileType = wrapper.cfbundle; includeInIndex = 0; path = HealthKitDemoUITests.xctest; sourceTree = BUILT_PRODUCTS_DIR; };
		2BE82D391E64607A003AE943 /* HealthKitDemoUITests.swift */ = {isa = PBXFileReference; lastKnownFileType = sourcecode.swift; path = HealthKitDemoUITests.swift; sourceTree = "<group>"; };
		2BE82D3B1E64607A003AE943 /* Info.plist */ = {isa = PBXFileReference; lastKnownFileType = text.plist.xml; path = Info.plist; sourceTree = "<group>"; };
		2BE82D3E1E64607A003AE943 /* HealthKitDemo WatchKit App.app */ = {isa = PBXFileReference; explicitFileType = wrapper.application; includeInIndex = 0; path = "HealthKitDemo WatchKit App.app"; sourceTree = BUILT_PRODUCTS_DIR; };
		2BE82D441E64607A003AE943 /* Base */ = {isa = PBXFileReference; lastKnownFileType = file.storyboard; name = Base; path = Base.lproj/Interface.storyboard; sourceTree = "<group>"; };
		2BE82D461E64607A003AE943 /* Assets.xcassets */ = {isa = PBXFileReference; lastKnownFileType = folder.assetcatalog; path = Assets.xcassets; sourceTree = "<group>"; };
		2BE82D481E64607A003AE943 /* Info.plist */ = {isa = PBXFileReference; lastKnownFileType = text.plist.xml; path = Info.plist; sourceTree = "<group>"; };
		2BE82D4D1E64607A003AE943 /* HealthKitDemo WatchKit Extension.appex */ = {isa = PBXFileReference; explicitFileType = "wrapper.app-extension"; includeInIndex = 0; path = "HealthKitDemo WatchKit Extension.appex"; sourceTree = BUILT_PRODUCTS_DIR; };
		2BE82D531E64607A003AE943 /* PushNotificationPayload.apns */ = {isa = PBXFileReference; lastKnownFileType = text; path = PushNotificationPayload.apns; sourceTree = "<group>"; };
		2BE82D541E64607A003AE943 /* InterfaceController.swift */ = {isa = PBXFileReference; lastKnownFileType = sourcecode.swift; path = InterfaceController.swift; sourceTree = "<group>"; };
		2BE82D561E64607A003AE943 /* ExtensionDelegate.swift */ = {isa = PBXFileReference; lastKnownFileType = sourcecode.swift; path = ExtensionDelegate.swift; sourceTree = "<group>"; };
		2BE82D581E64607A003AE943 /* NotificationController.swift */ = {isa = PBXFileReference; lastKnownFileType = sourcecode.swift; path = NotificationController.swift; sourceTree = "<group>"; };
		2BE82D5A1E64607A003AE943 /* Assets.xcassets */ = {isa = PBXFileReference; lastKnownFileType = folder.assetcatalog; path = Assets.xcassets; sourceTree = "<group>"; };
		2BE82D5C1E64607A003AE943 /* Info.plist */ = {isa = PBXFileReference; lastKnownFileType = text.plist.xml; path = Info.plist; sourceTree = "<group>"; };
		2BF562C31E6584C800A29F10 /* HealthKitDemo.entitlements */ = {isa = PBXFileReference; lastKnownFileType = text.plist.entitlements; path = HealthKitDemo.entitlements; sourceTree = "<group>"; };
		2BF562C41E6584C800A29F10 /* HealthKit.framework */ = {isa = PBXFileReference; lastKnownFileType = wrapper.framework; name = HealthKit.framework; path = System/Library/Frameworks/HealthKit.framework; sourceTree = SDKROOT; };
		2F2D382CF0D2D2F8F0C3677A /* Pods_HealthKitDemoUITests.framework */ = {isa = PBXFileReference; explicitFileType = wrapper.framework; includeInIndex = 0; path = Pods_HealthKitDemoUITests.framework; sourceTree = BUILT_PRODUCTS_DIR; };
		30B13FEF67EFEF500A1042C8 /* Pods-HealthKitDemo WatchKit Extension.debug.xcconfig */ = {isa = PBXFileReference; includeInIndex = 1; lastKnownFileType = text.xcconfig; name = "Pods-HealthKitDemo WatchKit Extension.debug.xcconfig"; path = "Pods/Target Support Files/Pods-HealthKitDemo WatchKit Extension/Pods-HealthKitDemo WatchKit Extension.debug.xcconfig"; sourceTree = "<group>"; };
		38B5FFC7356AD448B7F26515 /* Pods-HealthKitDemoUITests.debug.xcconfig */ = {isa = PBXFileReference; includeInIndex = 1; lastKnownFileType = text.xcconfig; name = "Pods-HealthKitDemoUITests.debug.xcconfig"; path = "Pods/Target Support Files/Pods-HealthKitDemoUITests/Pods-HealthKitDemoUITests.debug.xcconfig"; sourceTree = "<group>"; };
		46C8382DE058F33FC227927C /* Pods-HealthKitDemo WatchKit App.debug.xcconfig */ = {isa = PBXFileReference; includeInIndex = 1; lastKnownFileType = text.xcconfig; name = "Pods-HealthKitDemo WatchKit App.debug.xcconfig"; path = "Pods/Target Support Files/Pods-HealthKitDemo WatchKit App/Pods-HealthKitDemo WatchKit App.debug.xcconfig"; sourceTree = "<group>"; };
		5637496A448010F9EEB784F8 /* Pods-HealthKitDemo WatchKit App.release.xcconfig */ = {isa = PBXFileReference; includeInIndex = 1; lastKnownFileType = text.xcconfig; name = "Pods-HealthKitDemo WatchKit App.release.xcconfig"; path = "Pods/Target Support Files/Pods-HealthKitDemo WatchKit App/Pods-HealthKitDemo WatchKit App.release.xcconfig"; sourceTree = "<group>"; };
		5EE3DED6E19D77FE4003AC97 /* Pods-HealthKitDemoTests.release.xcconfig */ = {isa = PBXFileReference; includeInIndex = 1; lastKnownFileType = text.xcconfig; name = "Pods-HealthKitDemoTests.release.xcconfig"; path = "Pods/Target Support Files/Pods-HealthKitDemoTests/Pods-HealthKitDemoTests.release.xcconfig"; sourceTree = "<group>"; };
		8F251C5F459358F8B7B1886A /* Pods-HealthKitDemo.release.xcconfig */ = {isa = PBXFileReference; includeInIndex = 1; lastKnownFileType = text.xcconfig; name = "Pods-HealthKitDemo.release.xcconfig"; path = "Pods/Target Support Files/Pods-HealthKitDemo/Pods-HealthKitDemo.release.xcconfig"; sourceTree = "<group>"; };
		A75960BC894152AFF4C0AC11 /* Pods_HealthKitDemo.framework */ = {isa = PBXFileReference; explicitFileType = wrapper.framework; includeInIndex = 0; path = Pods_HealthKitDemo.framework; sourceTree = BUILT_PRODUCTS_DIR; };
		A96AAAFECACF7019504DC442 /* Pods-HealthKitDemo WatchKit Extension.release.xcconfig */ = {isa = PBXFileReference; includeInIndex = 1; lastKnownFileType = text.xcconfig; name = "Pods-HealthKitDemo WatchKit Extension.release.xcconfig"; path = "Pods/Target Support Files/Pods-HealthKitDemo WatchKit Extension/Pods-HealthKitDemo WatchKit Extension.release.xcconfig"; sourceTree = "<group>"; };
		ADA6C86A4A351DF893317D45 /* Pods_HealthKitDemoTests.framework */ = {isa = PBXFileReference; explicitFileType = wrapper.framework; includeInIndex = 0; path = Pods_HealthKitDemoTests.framework; sourceTree = BUILT_PRODUCTS_DIR; };
		CA6DC515E4355CA69E5CBAAA /* Pods-HealthKitDemoTests.debug.xcconfig */ = {isa = PBXFileReference; includeInIndex = 1; lastKnownFileType = text.xcconfig; name = "Pods-HealthKitDemoTests.debug.xcconfig"; path = "Pods/Target Support Files/Pods-HealthKitDemoTests/Pods-HealthKitDemoTests.debug.xcconfig"; sourceTree = "<group>"; };
		CD1864DEA8F21A2B49533FA5 /* Pods-HealthKitDemo.debug.xcconfig */ = {isa = PBXFileReference; includeInIndex = 1; lastKnownFileType = text.xcconfig; name = "Pods-HealthKitDemo.debug.xcconfig"; path = "Pods/Target Support Files/Pods-HealthKitDemo/Pods-HealthKitDemo.debug.xcconfig"; sourceTree = "<group>"; };
		E7193338E80ACEA18BAAF02D /* Pods-HealthKitDemoUITests.release.xcconfig */ = {isa = PBXFileReference; includeInIndex = 1; lastKnownFileType = text.xcconfig; name = "Pods-HealthKitDemoUITests.release.xcconfig"; path = "Pods/Target Support Files/Pods-HealthKitDemoUITests/Pods-HealthKitDemoUITests.release.xcconfig"; sourceTree = "<group>"; };
/* End PBXFileReference section */

/* Begin PBXFrameworksBuildPhase section */
		2BE82D131E646077003AE943 /* Frameworks */ = {
			isa = PBXFrameworksBuildPhase;
			buildActionMask = 2147483647;
			files = (
				ABD20A95390ACC4C954DA05A /* Pods_HealthKitDemo.framework in Frameworks */,
				2BF562C51E6584C800A29F10 /* HealthKit.framework in Frameworks */,
			);
			runOnlyForDeploymentPostprocessing = 0;
		};
		2BE82D271E64607A003AE943 /* Frameworks */ = {
			isa = PBXFrameworksBuildPhase;
			buildActionMask = 2147483647;
			files = (
				B5A4953DF91352645CAC3462 /* Pods_HealthKitDemoTests.framework in Frameworks */,
			);
			runOnlyForDeploymentPostprocessing = 0;
		};
		2BE82D321E64607A003AE943 /* Frameworks */ = {
			isa = PBXFrameworksBuildPhase;
			buildActionMask = 2147483647;
			files = (
				EE6CC6FC0A2691BF84115186 /* Pods_HealthKitDemoUITests.framework in Frameworks */,
			);
			runOnlyForDeploymentPostprocessing = 0;
		};
		2BE82D4A1E64607A003AE943 /* Frameworks */ = {
			isa = PBXFrameworksBuildPhase;
			buildActionMask = 2147483647;
			files = (
				D9DD9986076D6E30A81BEF93 /* Pods_HealthKitDemo_WatchKit_Extension.framework in Frameworks */,
			);
			runOnlyForDeploymentPostprocessing = 0;
		};
		87DE2F8071DD8A2D9F23D5A6 /* Frameworks */ = {
			isa = PBXFrameworksBuildPhase;
			buildActionMask = 2147483647;
			files = (
				58D32CC97F3F992D23F358A8 /* Pods_HealthKitDemo_WatchKit_App.framework in Frameworks */,
			);
			runOnlyForDeploymentPostprocessing = 0;
		};
/* End PBXFrameworksBuildPhase section */

/* Begin PBXGroup section */
		06B3501D58D777BBB2082CAE /* Frameworks */ = {
			isa = PBXGroup;
			children = (
				2BF562C41E6584C800A29F10 /* HealthKit.framework */,
				A75960BC894152AFF4C0AC11 /* Pods_HealthKitDemo.framework */,
				2795B6DD3C9526239AF4633E /* Pods_HealthKitDemo_WatchKit_App.framework */,
				26F082696FD54C08D104C315 /* Pods_HealthKitDemo_WatchKit_Extension.framework */,
				ADA6C86A4A351DF893317D45 /* Pods_HealthKitDemoTests.framework */,
				2F2D382CF0D2D2F8F0C3677A /* Pods_HealthKitDemoUITests.framework */,
			);
			name = Frameworks;
			sourceTree = "<group>";
		};
		2BE82D0D1E646077003AE943 = {
			isa = PBXGroup;
			children = (
				2BE82D181E646079003AE943 /* HealthKitDemo */,
				2BE82D2D1E64607A003AE943 /* HealthKitDemoTests */,
				2BE82D381E64607A003AE943 /* HealthKitDemoUITests */,
				2BE82D421E64607A003AE943 /* HealthKitDemo WatchKit App */,
				2BE82D511E64607A003AE943 /* HealthKitDemo WatchKit Extension */,
				2BE82D171E646079003AE943 /* Products */,
				3AAF7C71369E57804B0752E6 /* Pods */,
				06B3501D58D777BBB2082CAE /* Frameworks */,
			);
			sourceTree = "<group>";
		};
		2BE82D171E646079003AE943 /* Products */ = {
			isa = PBXGroup;
			children = (
				2BE82D161E646079003AE943 /* HealthKitDemo.app */,
				2BE82D2A1E64607A003AE943 /* HealthKitDemoTests.xctest */,
				2BE82D351E64607A003AE943 /* HealthKitDemoUITests.xctest */,
				2BE82D3E1E64607A003AE943 /* HealthKitDemo WatchKit App.app */,
				2BE82D4D1E64607A003AE943 /* HealthKitDemo WatchKit Extension.appex */,
			);
			name = Products;
			sourceTree = "<group>";
		};
		2BE82D181E646079003AE943 /* HealthKitDemo */ = {
			isa = PBXGroup;
			children = (
				2BF562C31E6584C800A29F10 /* HealthKitDemo.entitlements */,
				2BE82D191E646079003AE943 /* AppDelegate.swift */,
				2BE82D1B1E646079003AE943 /* ViewController.swift */,
				2BE82D1D1E646079003AE943 /* Main.storyboard */,
				2BE82D201E646079003AE943 /* Assets.xcassets */,
				2BE82D221E646079003AE943 /* LaunchScreen.storyboard */,
				2BE82D251E646079003AE943 /* Info.plist */,
			);
			path = HealthKitDemo;
			sourceTree = "<group>";
		};
		2BE82D2D1E64607A003AE943 /* HealthKitDemoTests */ = {
			isa = PBXGroup;
			children = (
				2BE82D2E1E64607A003AE943 /* HealthKitDemoTests.swift */,
				2BE82D301E64607A003AE943 /* Info.plist */,
			);
			path = HealthKitDemoTests;
			sourceTree = "<group>";
		};
		2BE82D381E64607A003AE943 /* HealthKitDemoUITests */ = {
			isa = PBXGroup;
			children = (
				2BE82D391E64607A003AE943 /* HealthKitDemoUITests.swift */,
				2BE82D3B1E64607A003AE943 /* Info.plist */,
			);
			path = HealthKitDemoUITests;
			sourceTree = "<group>";
		};
		2BE82D421E64607A003AE943 /* HealthKitDemo WatchKit App */ = {
			isa = PBXGroup;
			children = (
				2BE82D431E64607A003AE943 /* Interface.storyboard */,
				2BE82D461E64607A003AE943 /* Assets.xcassets */,
				2BE82D481E64607A003AE943 /* Info.plist */,
			);
			path = "HealthKitDemo WatchKit App";
			sourceTree = "<group>";
		};
		2BE82D511E64607A003AE943 /* HealthKitDemo WatchKit Extension */ = {
			isa = PBXGroup;
			children = (
				2BE82D541E64607A003AE943 /* InterfaceController.swift */,
				2BE82D561E64607A003AE943 /* ExtensionDelegate.swift */,
				2BE82D581E64607A003AE943 /* NotificationController.swift */,
				2BE82D5A1E64607A003AE943 /* Assets.xcassets */,
				2BE82D5C1E64607A003AE943 /* Info.plist */,
				2BE82D521E64607A003AE943 /* Supporting Files */,
			);
			path = "HealthKitDemo WatchKit Extension";
			sourceTree = "<group>";
		};
		2BE82D521E64607A003AE943 /* Supporting Files */ = {
			isa = PBXGroup;
			children = (
				2BE82D531E64607A003AE943 /* PushNotificationPayload.apns */,
			);
			name = "Supporting Files";
			sourceTree = "<group>";
		};
		3AAF7C71369E57804B0752E6 /* Pods */ = {
			isa = PBXGroup;
			children = (
				CD1864DEA8F21A2B49533FA5 /* Pods-HealthKitDemo.debug.xcconfig */,
				8F251C5F459358F8B7B1886A /* Pods-HealthKitDemo.release.xcconfig */,
				46C8382DE058F33FC227927C /* Pods-HealthKitDemo WatchKit App.debug.xcconfig */,
				5637496A448010F9EEB784F8 /* Pods-HealthKitDemo WatchKit App.release.xcconfig */,
				30B13FEF67EFEF500A1042C8 /* Pods-HealthKitDemo WatchKit Extension.debug.xcconfig */,
				A96AAAFECACF7019504DC442 /* Pods-HealthKitDemo WatchKit Extension.release.xcconfig */,
				CA6DC515E4355CA69E5CBAAA /* Pods-HealthKitDemoTests.debug.xcconfig */,
				5EE3DED6E19D77FE4003AC97 /* Pods-HealthKitDemoTests.release.xcconfig */,
				38B5FFC7356AD448B7F26515 /* Pods-HealthKitDemoUITests.debug.xcconfig */,
				E7193338E80ACEA18BAAF02D /* Pods-HealthKitDemoUITests.release.xcconfig */,
			);
			name = Pods;
			sourceTree = "<group>";
		};
/* End PBXGroup section */

/* Begin PBXNativeTarget section */
		2BE82D151E646077003AE943 /* HealthKitDemo */ = {
			isa = PBXNativeTarget;
			buildConfigurationList = 2BE82D671E64607A003AE943 /* Build configuration list for PBXNativeTarget "HealthKitDemo" */;
			buildPhases = (
				09EDD47CB50F7F390A6212C1 /* [CP] Check Pods Manifest.lock */,
				2BE82D121E646077003AE943 /* Sources */,
				2BE82D131E646077003AE943 /* Frameworks */,
				2BE82D141E646077003AE943 /* Resources */,
				2BE82D661E64607A003AE943 /* Embed Watch Content */,
				6E94CB1835BFFB662694064B /* [CP] Embed Pods Frameworks */,
				D661EFDBA8687A445A2F19F9 /* [CP] Copy Pods Resources */,
			);
			buildRules = (
			);
			dependencies = (
				2BE82D411E64607A003AE943 /* PBXTargetDependency */,
			);
			name = HealthKitDemo;
			productName = HealthKitDemo;
			productReference = 2BE82D161E646079003AE943 /* HealthKitDemo.app */;
			productType = "com.apple.product-type.application";
		};
		2BE82D291E64607A003AE943 /* HealthKitDemoTests */ = {
			isa = PBXNativeTarget;
			buildConfigurationList = 2BE82D6A1E64607A003AE943 /* Build configuration list for PBXNativeTarget "HealthKitDemoTests" */;
			buildPhases = (
				B1389AF7AE1969D0A77CFF19 /* [CP] Check Pods Manifest.lock */,
				2BE82D261E64607A003AE943 /* Sources */,
				2BE82D271E64607A003AE943 /* Frameworks */,
				2BE82D281E64607A003AE943 /* Resources */,
				91B6F510A521024A76474345 /* [CP] Embed Pods Frameworks */,
				475521006B2FBF3795A76B60 /* [CP] Copy Pods Resources */,
			);
			buildRules = (
			);
			dependencies = (
				2BE82D2C1E64607A003AE943 /* PBXTargetDependency */,
			);
			name = HealthKitDemoTests;
			productName = HealthKitDemoTests;
			productReference = 2BE82D2A1E64607A003AE943 /* HealthKitDemoTests.xctest */;
			productType = "com.apple.product-type.bundle.unit-test";
		};
		2BE82D341E64607A003AE943 /* HealthKitDemoUITests */ = {
			isa = PBXNativeTarget;
			buildConfigurationList = 2BE82D6D1E64607A003AE943 /* Build configuration list for PBXNativeTarget "HealthKitDemoUITests" */;
			buildPhases = (
				7FBE0BC9520532746AE68BAC /* [CP] Check Pods Manifest.lock */,
				2BE82D311E64607A003AE943 /* Sources */,
				2BE82D321E64607A003AE943 /* Frameworks */,
				2BE82D331E64607A003AE943 /* Resources */,
				3EE229ED849EBC83545489DA /* [CP] Embed Pods Frameworks */,
				0FAA63E5B22BE173DB5D1DDB /* [CP] Copy Pods Resources */,
			);
			buildRules = (
			);
			dependencies = (
				2BE82D371E64607A003AE943 /* PBXTargetDependency */,
			);
			name = HealthKitDemoUITests;
			productName = HealthKitDemoUITests;
			productReference = 2BE82D351E64607A003AE943 /* HealthKitDemoUITests.xctest */;
			productType = "com.apple.product-type.bundle.ui-testing";
		};
		2BE82D3D1E64607A003AE943 /* HealthKitDemo WatchKit App */ = {
			isa = PBXNativeTarget;
			buildConfigurationList = 2BE82D631E64607A003AE943 /* Build configuration list for PBXNativeTarget "HealthKitDemo WatchKit App" */;
			buildPhases = (
				C05C95C120E752A41DB4A216 /* [CP] Check Pods Manifest.lock */,
				2BE82D3C1E64607A003AE943 /* Resources */,
				2BE82D621E64607A003AE943 /* Embed App Extensions */,
				87DE2F8071DD8A2D9F23D5A6 /* Frameworks */,
				31484E3729E9C0F1F7AF07C3 /* [CP] Copy Pods Resources */,
			);
			buildRules = (
			);
			dependencies = (
				2BE82D501E64607A003AE943 /* PBXTargetDependency */,
			);
			name = "HealthKitDemo WatchKit App";
			productName = "HealthKitDemo WatchKit App";
			productReference = 2BE82D3E1E64607A003AE943 /* HealthKitDemo WatchKit App.app */;
			productType = "com.apple.product-type.application.watchapp2";
		};
		2BE82D4C1E64607A003AE943 /* HealthKitDemo WatchKit Extension */ = {
			isa = PBXNativeTarget;
			buildConfigurationList = 2BE82D5F1E64607A003AE943 /* Build configuration list for PBXNativeTarget "HealthKitDemo WatchKit Extension" */;
			buildPhases = (
				562E37BD8382C3F0B373C0F0 /* [CP] Check Pods Manifest.lock */,
				2BE82D491E64607A003AE943 /* Sources */,
				2BE82D4A1E64607A003AE943 /* Frameworks */,
				2BE82D4B1E64607A003AE943 /* Resources */,
				784B71BCBA5DE040677A3B55 /* [CP] Embed Pods Frameworks */,
				DA969062A4444CD393EFD883 /* [CP] Copy Pods Resources */,
			);
			buildRules = (
			);
			dependencies = (
			);
			name = "HealthKitDemo WatchKit Extension";
			productName = "HealthKitDemo WatchKit Extension";
			productReference = 2BE82D4D1E64607A003AE943 /* HealthKitDemo WatchKit Extension.appex */;
			productType = "com.apple.product-type.watchkit2-extension";
		};
/* End PBXNativeTarget section */

/* Begin PBXProject section */
		2BE82D0E1E646077003AE943 /* Project object */ = {
			isa = PBXProject;
			attributes = {
				LastSwiftUpdateCheck = 0810;
				LastUpgradeCheck = 0810;
				ORGANIZATIONNAME = "Siddharth suneel";
				TargetAttributes = {
					2BE82D151E646077003AE943 = {
						CreatedOnToolsVersion = 8.1;
						DevelopmentTeam = CWZ6J3XWTV;
						ProvisioningStyle = Automatic;
						SystemCapabilities = {
							com.apple.HealthKit = {
								enabled = 1;
							};
						};
					};
					2BE82D291E64607A003AE943 = {
						CreatedOnToolsVersion = 8.1;
						ProvisioningStyle = Automatic;
						TestTargetID = 2BE82D151E646077003AE943;
					};
					2BE82D341E64607A003AE943 = {
						CreatedOnToolsVersion = 8.1;
						ProvisioningStyle = Automatic;
						TestTargetID = 2BE82D151E646077003AE943;
					};
					2BE82D3D1E64607A003AE943 = {
						CreatedOnToolsVersion = 8.1;
						ProvisioningStyle = Automatic;
					};
					2BE82D4C1E64607A003AE943 = {
						CreatedOnToolsVersion = 8.1;
						ProvisioningStyle = Automatic;
					};
				};
			};
			buildConfigurationList = 2BE82D111E646077003AE943 /* Build configuration list for PBXProject "HealthKitDemo" */;
			compatibilityVersion = "Xcode 3.2";
			developmentRegion = English;
			hasScannedForEncodings = 0;
			knownRegions = (
				en,
				Base,
			);
			mainGroup = 2BE82D0D1E646077003AE943;
			productRefGroup = 2BE82D171E646079003AE943 /* Products */;
			projectDirPath = "";
			projectRoot = "";
			targets = (
				2BE82D151E646077003AE943 /* HealthKitDemo */,
				2BE82D291E64607A003AE943 /* HealthKitDemoTests */,
				2BE82D341E64607A003AE943 /* HealthKitDemoUITests */,
				2BE82D3D1E64607A003AE943 /* HealthKitDemo WatchKit App */,
				2BE82D4C1E64607A003AE943 /* HealthKitDemo WatchKit Extension */,
			);
		};
/* End PBXProject section */

/* Begin PBXResourcesBuildPhase section */
		2BE82D141E646077003AE943 /* Resources */ = {
			isa = PBXResourcesBuildPhase;
			buildActionMask = 2147483647;
			files = (
				2BE82D241E646079003AE943 /* LaunchScreen.storyboard in Resources */,
				2BE82D211E646079003AE943 /* Assets.xcassets in Resources */,
				2BE82D1F1E646079003AE943 /* Main.storyboard in Resources */,
			);
			runOnlyForDeploymentPostprocessing = 0;
		};
		2BE82D281E64607A003AE943 /* Resources */ = {
			isa = PBXResourcesBuildPhase;
			buildActionMask = 2147483647;
			files = (
			);
			runOnlyForDeploymentPostprocessing = 0;
		};
		2BE82D331E64607A003AE943 /* Resources */ = {
			isa = PBXResourcesBuildPhase;
			buildActionMask = 2147483647;
			files = (
			);
			runOnlyForDeploymentPostprocessing = 0;
		};
		2BE82D3C1E64607A003AE943 /* Resources */ = {
			isa = PBXResourcesBuildPhase;
			buildActionMask = 2147483647;
			files = (
				2BE82D471E64607A003AE943 /* Assets.xcassets in Resources */,
				2BE82D451E64607A003AE943 /* Interface.storyboard in Resources */,
			);
			runOnlyForDeploymentPostprocessing = 0;
		};
		2BE82D4B1E64607A003AE943 /* Resources */ = {
			isa = PBXResourcesBuildPhase;
			buildActionMask = 2147483647;
			files = (
				2BE82D5B1E64607A003AE943 /* Assets.xcassets in Resources */,
			);
			runOnlyForDeploymentPostprocessing = 0;
		};
/* End PBXResourcesBuildPhase section */

/* Begin PBXShellScriptBuildPhase section */
		09EDD47CB50F7F390A6212C1 /* [CP] Check Pods Manifest.lock */ = {
			isa = PBXShellScriptBuildPhase;
			buildActionMask = 2147483647;
			files = (
			);
			inputPaths = (
			);
			name = "[CP] Check Pods Manifest.lock";
			outputPaths = (
			);
			runOnlyForDeploymentPostprocessing = 0;
			shellPath = /bin/sh;
			shellScript = "diff \"${PODS_ROOT}/../Podfile.lock\" \"${PODS_ROOT}/Manifest.lock\" > /dev/null\nif [ $? != 0 ] ; then\n    # print error to STDERR\n    echo \"error: The sandbox is not in sync with the Podfile.lock. Run 'pod install' or update your CocoaPods installation.\" >&2\n    exit 1\nfi\n";
			showEnvVarsInLog = 0;
		};
		0FAA63E5B22BE173DB5D1DDB /* [CP] Copy Pods Resources */ = {
			isa = PBXShellScriptBuildPhase;
			buildActionMask = 2147483647;
			files = (
			);
			inputPaths = (
			);
			name = "[CP] Copy Pods Resources";
			outputPaths = (
			);
			runOnlyForDeploymentPostprocessing = 0;
			shellPath = /bin/sh;
			shellScript = "\"${SRCROOT}/Pods/Target Support Files/Pods-HealthKitDemoUITests/Pods-HealthKitDemoUITests-resources.sh\"\n";
			showEnvVarsInLog = 0;
		};
		31484E3729E9C0F1F7AF07C3 /* [CP] Copy Pods Resources */ = {
			isa = PBXShellScriptBuildPhase;
			buildActionMask = 2147483647;
			files = (
			);
			inputPaths = (
			);
			name = "[CP] Copy Pods Resources";
			outputPaths = (
			);
			runOnlyForDeploymentPostprocessing = 0;
			shellPath = /bin/sh;
			shellScript = "\"${SRCROOT}/Pods/Target Support Files/Pods-HealthKitDemo WatchKit App/Pods-HealthKitDemo WatchKit App-resources.sh\"\n";
			showEnvVarsInLog = 0;
		};
		3EE229ED849EBC83545489DA /* [CP] Embed Pods Frameworks */ = {
			isa = PBXShellScriptBuildPhase;
			buildActionMask = 2147483647;
			files = (
			);
			inputPaths = (
			);
			name = "[CP] Embed Pods Frameworks";
			outputPaths = (
			);
			runOnlyForDeploymentPostprocessing = 0;
			shellPath = /bin/sh;
			shellScript = "\"${SRCROOT}/Pods/Target Support Files/Pods-HealthKitDemoUITests/Pods-HealthKitDemoUITests-frameworks.sh\"\n";
			showEnvVarsInLog = 0;
		};
		475521006B2FBF3795A76B60 /* [CP] Copy Pods Resources */ = {
			isa = PBXShellScriptBuildPhase;
			buildActionMask = 2147483647;
			files = (
			);
			inputPaths = (
			);
			name = "[CP] Copy Pods Resources";
			outputPaths = (
			);
			runOnlyForDeploymentPostprocessing = 0;
			shellPath = /bin/sh;
			shellScript = "\"${SRCROOT}/Pods/Target Support Files/Pods-HealthKitDemoTests/Pods-HealthKitDemoTests-resources.sh\"\n";
			showEnvVarsInLog = 0;
		};
		562E37BD8382C3F0B373C0F0 /* [CP] Check Pods Manifest.lock */ = {
			isa = PBXShellScriptBuildPhase;
			buildActionMask = 2147483647;
			files = (
			);
			inputPaths = (
			);
			name = "[CP] Check Pods Manifest.lock";
			outputPaths = (
			);
			runOnlyForDeploymentPostprocessing = 0;
			shellPath = /bin/sh;
			shellScript = "diff \"${PODS_ROOT}/../Podfile.lock\" \"${PODS_ROOT}/Manifest.lock\" > /dev/null\nif [ $? != 0 ] ; then\n    # print error to STDERR\n    echo \"error: The sandbox is not in sync with the Podfile.lock. Run 'pod install' or update your CocoaPods installation.\" >&2\n    exit 1\nfi\n";
			showEnvVarsInLog = 0;
		};
		6E94CB1835BFFB662694064B /* [CP] Embed Pods Frameworks */ = {
			isa = PBXShellScriptBuildPhase;
			buildActionMask = 2147483647;
			files = (
			);
			inputPaths = (
			);
			name = "[CP] Embed Pods Frameworks";
			outputPaths = (
			);
			runOnlyForDeploymentPostprocessing = 0;
			shellPath = /bin/sh;
			shellScript = "\"${SRCROOT}/Pods/Target Support Files/Pods-HealthKitDemo/Pods-HealthKitDemo-frameworks.sh\"\n";
			showEnvVarsInLog = 0;
		};
		784B71BCBA5DE040677A3B55 /* [CP] Embed Pods Frameworks */ = {
			isa = PBXShellScriptBuildPhase;
			buildActionMask = 2147483647;
			files = (
			);
			inputPaths = (
			);
			name = "[CP] Embed Pods Frameworks";
			outputPaths = (
			);
			runOnlyForDeploymentPostprocessing = 0;
			shellPath = /bin/sh;
			shellScript = "\"${SRCROOT}/Pods/Target Support Files/Pods-HealthKitDemo WatchKit Extension/Pods-HealthKitDemo WatchKit Extension-frameworks.sh\"\n";
			showEnvVarsInLog = 0;
		};
		7FBE0BC9520532746AE68BAC /* [CP] Check Pods Manifest.lock */ = {
			isa = PBXShellScriptBuildPhase;
			buildActionMask = 2147483647;
			files = (
			);
			inputPaths = (
			);
			name = "[CP] Check Pods Manifest.lock";
			outputPaths = (
			);
			runOnlyForDeploymentPostprocessing = 0;
			shellPath = /bin/sh;
			shellScript = "diff \"${PODS_ROOT}/../Podfile.lock\" \"${PODS_ROOT}/Manifest.lock\" > /dev/null\nif [ $? != 0 ] ; then\n    # print error to STDERR\n    echo \"error: The sandbox is not in sync with the Podfile.lock. Run 'pod install' or update your CocoaPods installation.\" >&2\n    exit 1\nfi\n";
			showEnvVarsInLog = 0;
		};
		91B6F510A521024A76474345 /* [CP] Embed Pods Frameworks */ = {
			isa = PBXShellScriptBuildPhase;
			buildActionMask = 2147483647;
			files = (
			);
			inputPaths = (
			);
			name = "[CP] Embed Pods Frameworks";
			outputPaths = (
			);
			runOnlyForDeploymentPostprocessing = 0;
			shellPath = /bin/sh;
			shellScript = "\"${SRCROOT}/Pods/Target Support Files/Pods-HealthKitDemoTests/Pods-HealthKitDemoTests-frameworks.sh\"\n";
			showEnvVarsInLog = 0;
		};
		B1389AF7AE1969D0A77CFF19 /* [CP] Check Pods Manifest.lock */ = {
			isa = PBXShellScriptBuildPhase;
			buildActionMask = 2147483647;
			files = (
			);
			inputPaths = (
			);
			name = "[CP] Check Pods Manifest.lock";
			outputPaths = (
			);
			runOnlyForDeploymentPostprocessing = 0;
			shellPath = /bin/sh;
			shellScript = "diff \"${PODS_ROOT}/../Podfile.lock\" \"${PODS_ROOT}/Manifest.lock\" > /dev/null\nif [ $? != 0 ] ; then\n    # print error to STDERR\n    echo \"error: The sandbox is not in sync with the Podfile.lock. Run 'pod install' or update your CocoaPods installation.\" >&2\n    exit 1\nfi\n";
			showEnvVarsInLog = 0;
		};
		C05C95C120E752A41DB4A216 /* [CP] Check Pods Manifest.lock */ = {
			isa = PBXShellScriptBuildPhase;
			buildActionMask = 2147483647;
			files = (
			);
			inputPaths = (
			);
			name = "[CP] Check Pods Manifest.lock";
			outputPaths = (
			);
			runOnlyForDeploymentPostprocessing = 0;
			shellPath = /bin/sh;
			shellScript = "diff \"${PODS_ROOT}/../Podfile.lock\" \"${PODS_ROOT}/Manifest.lock\" > /dev/null\nif [ $? != 0 ] ; then\n    # print error to STDERR\n    echo \"error: The sandbox is not in sync with the Podfile.lock. Run 'pod install' or update your CocoaPods installation.\" >&2\n    exit 1\nfi\n";
			showEnvVarsInLog = 0;
		};
		D661EFDBA8687A445A2F19F9 /* [CP] Copy Pods Resources */ = {
			isa = PBXShellScriptBuildPhase;
			buildActionMask = 2147483647;
			files = (
			);
			inputPaths = (
			);
			name = "[CP] Copy Pods Resources";
			outputPaths = (
			);
			runOnlyForDeploymentPostprocessing = 0;
			shellPath = /bin/sh;
			shellScript = "\"${SRCROOT}/Pods/Target Support Files/Pods-HealthKitDemo/Pods-HealthKitDemo-resources.sh\"\n";
			showEnvVarsInLog = 0;
		};
		DA969062A4444CD393EFD883 /* [CP] Copy Pods Resources */ = {
			isa = PBXShellScriptBuildPhase;
			buildActionMask = 2147483647;
			files = (
			);
			inputPaths = (
			);
			name = "[CP] Copy Pods Resources";
			outputPaths = (
			);
			runOnlyForDeploymentPostprocessing = 0;
			shellPath = /bin/sh;
			shellScript = "\"${SRCROOT}/Pods/Target Support Files/Pods-HealthKitDemo WatchKit Extension/Pods-HealthKitDemo WatchKit Extension-resources.sh\"\n";
			showEnvVarsInLog = 0;
		};
/* End PBXShellScriptBuildPhase section */

/* Begin PBXSourcesBuildPhase section */
		2BE82D121E646077003AE943 /* Sources */ = {
			isa = PBXSourcesBuildPhase;
			buildActionMask = 2147483647;
			files = (
				2BE82D1C1E646079003AE943 /* ViewController.swift in Sources */,
				2BE82D1A1E646079003AE943 /* AppDelegate.swift in Sources */,
			);
			runOnlyForDeploymentPostprocessing = 0;
		};
		2BE82D261E64607A003AE943 /* Sources */ = {
			isa = PBXSourcesBuildPhase;
			buildActionMask = 2147483647;
			files = (
				2BE82D2F1E64607A003AE943 /* HealthKitDemoTests.swift in Sources */,
			);
			runOnlyForDeploymentPostprocessing = 0;
		};
		2BE82D311E64607A003AE943 /* Sources */ = {
			isa = PBXSourcesBuildPhase;
			buildActionMask = 2147483647;
			files = (
				2BE82D3A1E64607A003AE943 /* HealthKitDemoUITests.swift in Sources */,
			);
			runOnlyForDeploymentPostprocessing = 0;
		};
		2BE82D491E64607A003AE943 /* Sources */ = {
			isa = PBXSourcesBuildPhase;
			buildActionMask = 2147483647;
			files = (
				2BE82D591E64607A003AE943 /* NotificationController.swift in Sources */,
				2BE82D571E64607A003AE943 /* ExtensionDelegate.swift in Sources */,
				2BE82D551E64607A003AE943 /* InterfaceController.swift in Sources */,
			);
			runOnlyForDeploymentPostprocessing = 0;
		};
/* End PBXSourcesBuildPhase section */

/* Begin PBXTargetDependency section */
		2BE82D2C1E64607A003AE943 /* PBXTargetDependency */ = {
			isa = PBXTargetDependency;
			target = 2BE82D151E646077003AE943 /* HealthKitDemo */;
			targetProxy = 2BE82D2B1E64607A003AE943 /* PBXContainerItemProxy */;
		};
		2BE82D371E64607A003AE943 /* PBXTargetDependency */ = {
			isa = PBXTargetDependency;
			target = 2BE82D151E646077003AE943 /* HealthKitDemo */;
			targetProxy = 2BE82D361E64607A003AE943 /* PBXContainerItemProxy */;
		};
		2BE82D411E64607A003AE943 /* PBXTargetDependency */ = {
			isa = PBXTargetDependency;
			target = 2BE82D3D1E64607A003AE943 /* HealthKitDemo WatchKit App */;
			targetProxy = 2BE82D401E64607A003AE943 /* PBXContainerItemProxy */;
		};
		2BE82D501E64607A003AE943 /* PBXTargetDependency */ = {
			isa = PBXTargetDependency;
			target = 2BE82D4C1E64607A003AE943 /* HealthKitDemo WatchKit Extension */;
			targetProxy = 2BE82D4F1E64607A003AE943 /* PBXContainerItemProxy */;
		};
/* End PBXTargetDependency section */

/* Begin PBXVariantGroup section */
		2BE82D1D1E646079003AE943 /* Main.storyboard */ = {
			isa = PBXVariantGroup;
			children = (
				2BE82D1E1E646079003AE943 /* Base */,
			);
			name = Main.storyboard;
			sourceTree = "<group>";
		};
		2BE82D221E646079003AE943 /* LaunchScreen.storyboard */ = {
			isa = PBXVariantGroup;
			children = (
				2BE82D231E646079003AE943 /* Base */,
			);
			name = LaunchScreen.storyboard;
			sourceTree = "<group>";
		};
		2BE82D431E64607A003AE943 /* Interface.storyboard */ = {
			isa = PBXVariantGroup;
			children = (
				2BE82D441E64607A003AE943 /* Base */,
			);
			name = Interface.storyboard;
			sourceTree = "<group>";
		};
/* End PBXVariantGroup section */

/* Begin XCBuildConfiguration section */
		2BE82D5D1E64607A003AE943 /* Debug */ = {
			isa = XCBuildConfiguration;
			buildSettings = {
				ALWAYS_SEARCH_USER_PATHS = NO;
				CLANG_ANALYZER_NONNULL = YES;
				CLANG_CXX_LANGUAGE_STANDARD = "gnu++0x";
				CLANG_CXX_LIBRARY = "libc++";
				CLANG_ENABLE_MODULES = YES;
				CLANG_ENABLE_OBJC_ARC = YES;
				CLANG_WARN_BOOL_CONVERSION = YES;
				CLANG_WARN_CONSTANT_CONVERSION = YES;
				CLANG_WARN_DIRECT_OBJC_ISA_USAGE = YES_ERROR;
				CLANG_WARN_DOCUMENTATION_COMMENTS = YES;
				CLANG_WARN_EMPTY_BODY = YES;
				CLANG_WARN_ENUM_CONVERSION = YES;
				CLANG_WARN_INFINITE_RECURSION = YES;
				CLANG_WARN_INT_CONVERSION = YES;
				CLANG_WARN_OBJC_ROOT_CLASS = YES_ERROR;
				CLANG_WARN_SUSPICIOUS_MOVES = YES;
				CLANG_WARN_UNREACHABLE_CODE = YES;
				CLANG_WARN__DUPLICATE_METHOD_MATCH = YES;
				"CODE_SIGN_IDENTITY[sdk=iphoneos*]" = "iPhone Developer";
				COPY_PHASE_STRIP = NO;
				DEBUG_INFORMATION_FORMAT = dwarf;
				ENABLE_STRICT_OBJC_MSGSEND = YES;
				ENABLE_TESTABILITY = YES;
				GCC_C_LANGUAGE_STANDARD = gnu99;
				GCC_DYNAMIC_NO_PIC = NO;
				GCC_NO_COMMON_BLOCKS = YES;
				GCC_OPTIMIZATION_LEVEL = 0;
				GCC_PREPROCESSOR_DEFINITIONS = (
					"DEBUG=1",
					"$(inherited)",
				);
				GCC_WARN_64_TO_32_BIT_CONVERSION = YES;
				GCC_WARN_ABOUT_RETURN_TYPE = YES_ERROR;
				GCC_WARN_UNDECLARED_SELECTOR = YES;
				GCC_WARN_UNINITIALIZED_AUTOS = YES_AGGRESSIVE;
				GCC_WARN_UNUSED_FUNCTION = YES;
				GCC_WARN_UNUSED_VARIABLE = YES;
				IPHONEOS_DEPLOYMENT_TARGET = 10.1;
				MTL_ENABLE_DEBUG_INFO = YES;
				ONLY_ACTIVE_ARCH = YES;
				SDKROOT = iphoneos;
				SWIFT_ACTIVE_COMPILATION_CONDITIONS = DEBUG;
				SWIFT_OPTIMIZATION_LEVEL = "-Onone";
				TARGETED_DEVICE_FAMILY = "1,2";
			};
			name = Debug;
		};
		2BE82D5E1E64607A003AE943 /* Release */ = {
			isa = XCBuildConfiguration;
			buildSettings = {
				ALWAYS_SEARCH_USER_PATHS = NO;
				CLANG_ANALYZER_NONNULL = YES;
				CLANG_CXX_LANGUAGE_STANDARD = "gnu++0x";
				CLANG_CXX_LIBRARY = "libc++";
				CLANG_ENABLE_MODULES = YES;
				CLANG_ENABLE_OBJC_ARC = YES;
				CLANG_WARN_BOOL_CONVERSION = YES;
				CLANG_WARN_CONSTANT_CONVERSION = YES;
				CLANG_WARN_DIRECT_OBJC_ISA_USAGE = YES_ERROR;
				CLANG_WARN_DOCUMENTATION_COMMENTS = YES;
				CLANG_WARN_EMPTY_BODY = YES;
				CLANG_WARN_ENUM_CONVERSION = YES;
				CLANG_WARN_INFINITE_RECURSION = YES;
				CLANG_WARN_INT_CONVERSION = YES;
				CLANG_WARN_OBJC_ROOT_CLASS = YES_ERROR;
				CLANG_WARN_SUSPICIOUS_MOVES = YES;
				CLANG_WARN_UNREACHABLE_CODE = YES;
				CLANG_WARN__DUPLICATE_METHOD_MATCH = YES;
				"CODE_SIGN_IDENTITY[sdk=iphoneos*]" = "iPhone Developer";
				COPY_PHASE_STRIP = NO;
				DEBUG_INFORMATION_FORMAT = "dwarf-with-dsym";
				ENABLE_NS_ASSERTIONS = NO;
				ENABLE_STRICT_OBJC_MSGSEND = YES;
				GCC_C_LANGUAGE_STANDARD = gnu99;
				GCC_NO_COMMON_BLOCKS = YES;
				GCC_WARN_64_TO_32_BIT_CONVERSION = YES;
				GCC_WARN_ABOUT_RETURN_TYPE = YES_ERROR;
				GCC_WARN_UNDECLARED_SELECTOR = YES;
				GCC_WARN_UNINITIALIZED_AUTOS = YES_AGGRESSIVE;
				GCC_WARN_UNUSED_FUNCTION = YES;
				GCC_WARN_UNUSED_VARIABLE = YES;
				IPHONEOS_DEPLOYMENT_TARGET = 10.1;
				MTL_ENABLE_DEBUG_INFO = NO;
				SDKROOT = iphoneos;
				SWIFT_OPTIMIZATION_LEVEL = "-Owholemodule";
				TARGETED_DEVICE_FAMILY = "1,2";
				VALIDATE_PRODUCT = YES;
			};
			name = Release;
		};
		2BE82D601E64607A003AE943 /* Debug */ = {
			isa = XCBuildConfiguration;
			baseConfigurationReference = 30B13FEF67EFEF500A1042C8 /* Pods-HealthKitDemo WatchKit Extension.debug.xcconfig */;
			buildSettings = {
				ASSETCATALOG_COMPILER_COMPLICATION_NAME = Complication;
				INFOPLIST_FILE = "HealthKitDemo WatchKit Extension/Info.plist";
				LD_RUNPATH_SEARCH_PATHS = "$(inherited) @executable_path/Frameworks @executable_path/../../Frameworks";
				PRODUCT_BUNDLE_IDENTIFIER = com.DMI.HealthKitDemo.watchkitapp.watchkitextension;
				PRODUCT_NAME = "${TARGET_NAME}";
				SDKROOT = watchos;
				SKIP_INSTALL = YES;
				SWIFT_VERSION = 3.0;
				TARGETED_DEVICE_FAMILY = 4;
				WATCHOS_DEPLOYMENT_TARGET = 3.1;
			};
			name = Debug;
		};
		2BE82D611E64607A003AE943 /* Release */ = {
			isa = XCBuildConfiguration;
			baseConfigurationReference = A96AAAFECACF7019504DC442 /* Pods-HealthKitDemo WatchKit Extension.release.xcconfig */;
			buildSettings = {
				ASSETCATALOG_COMPILER_COMPLICATION_NAME = Complication;
				INFOPLIST_FILE = "HealthKitDemo WatchKit Extension/Info.plist";
				LD_RUNPATH_SEARCH_PATHS = "$(inherited) @executable_path/Frameworks @executable_path/../../Frameworks";
				PRODUCT_BUNDLE_IDENTIFIER = com.DMI.HealthKitDemo.watchkitapp.watchkitextension;
				PRODUCT_NAME = "${TARGET_NAME}";
				SDKROOT = watchos;
				SKIP_INSTALL = YES;
				SWIFT_VERSION = 3.0;
				TARGETED_DEVICE_FAMILY = 4;
				WATCHOS_DEPLOYMENT_TARGET = 3.1;
			};
			name = Release;
		};
		2BE82D641E64607A003AE943 /* Debug */ = {
			isa = XCBuildConfiguration;
			baseConfigurationReference = 46C8382DE058F33FC227927C /* Pods-HealthKitDemo WatchKit App.debug.xcconfig */;
			buildSettings = {
				ALWAYS_EMBED_SWIFT_STANDARD_LIBRARIES = YES;
				ASSETCATALOG_COMPILER_APPICON_NAME = AppIcon;
				IBSC_MODULE = HealthKitDemo_WatchKit_Extension;
				INFOPLIST_FILE = "HealthKitDemo WatchKit App/Info.plist";
				PRODUCT_BUNDLE_IDENTIFIER = com.DMI.HealthKitDemo.watchkitapp;
				PRODUCT_NAME = "$(TARGET_NAME)";
				SDKROOT = watchos;
				SKIP_INSTALL = YES;
				SWIFT_VERSION = 3.0;
				TARGETED_DEVICE_FAMILY = 4;
				WATCHOS_DEPLOYMENT_TARGET = 3.1;
			};
			name = Debug;
		};
		2BE82D651E64607A003AE943 /* Release */ = {
			isa = XCBuildConfiguration;
			baseConfigurationReference = 5637496A448010F9EEB784F8 /* Pods-HealthKitDemo WatchKit App.release.xcconfig */;
			buildSettings = {
				ALWAYS_EMBED_SWIFT_STANDARD_LIBRARIES = YES;
				ASSETCATALOG_COMPILER_APPICON_NAME = AppIcon;
				IBSC_MODULE = HealthKitDemo_WatchKit_Extension;
				INFOPLIST_FILE = "HealthKitDemo WatchKit App/Info.plist";
				PRODUCT_BUNDLE_IDENTIFIER = com.DMI.HealthKitDemo.watchkitapp;
				PRODUCT_NAME = "$(TARGET_NAME)";
				SDKROOT = watchos;
				SKIP_INSTALL = YES;
				SWIFT_VERSION = 3.0;
				TARGETED_DEVICE_FAMILY = 4;
				WATCHOS_DEPLOYMENT_TARGET = 3.1;
			};
			name = Release;
		};
		2BE82D681E64607A003AE943 /* Debug */ = {
			isa = XCBuildConfiguration;
			baseConfigurationReference = CD1864DEA8F21A2B49533FA5 /* Pods-HealthKitDemo.debug.xcconfig */;
			buildSettings = {
				ASSETCATALOG_COMPILER_APPICON_NAME = AppIcon;
				CODE_SIGN_ENTITLEMENTS = HealthKitDemo/HealthKitDemo.entitlements;
				"CODE_SIGN_IDENTITY[sdk=iphoneos*]" = "iPhone Developer";
				DEVELOPMENT_TEAM = CWZ6J3XWTV;
				INFOPLIST_FILE = HealthKitDemo/Info.plist;
				IPHONEOS_DEPLOYMENT_TARGET = 9.0;
				LD_RUNPATH_SEARCH_PATHS = "$(inherited) @executable_path/Frameworks";
				PRODUCT_BUNDLE_IDENTIFIER = com.DMI.HealthKitDemoApp;
				PRODUCT_NAME = "$(TARGET_NAME)";
				SWIFT_VERSION = 3.0;
				TARGETED_DEVICE_FAMILY = 1;
			};
			name = Debug;
		};
		2BE82D691E64607A003AE943 /* Release */ = {
			isa = XCBuildConfiguration;
			baseConfigurationReference = 8F251C5F459358F8B7B1886A /* Pods-HealthKitDemo.release.xcconfig */;
			buildSettings = {
				ASSETCATALOG_COMPILER_APPICON_NAME = AppIcon;
				CODE_SIGN_ENTITLEMENTS = HealthKitDemo/HealthKitDemo.entitlements;
				"CODE_SIGN_IDENTITY[sdk=iphoneos*]" = "iPhone Developer";
				DEVELOPMENT_TEAM = CWZ6J3XWTV;
				INFOPLIST_FILE = HealthKitDemo/Info.plist;
				IPHONEOS_DEPLOYMENT_TARGET = 9.0;
				LD_RUNPATH_SEARCH_PATHS = "$(inherited) @executable_path/Frameworks";
				PRODUCT_BUNDLE_IDENTIFIER = com.DMI.HealthKitDemoApp;
				PRODUCT_NAME = "$(TARGET_NAME)";
				SWIFT_VERSION = 3.0;
				TARGETED_DEVICE_FAMILY = 1;
			};
			name = Release;
		};
		2BE82D6B1E64607A003AE943 /* Debug */ = {
			isa = XCBuildConfiguration;
			baseConfigurationReference = CA6DC515E4355CA69E5CBAAA /* Pods-HealthKitDemoTests.debug.xcconfig */;
			buildSettings = {
				ALWAYS_EMBED_SWIFT_STANDARD_LIBRARIES = YES;
				BUNDLE_LOADER = "$(TEST_HOST)";
				INFOPLIST_FILE = HealthKitDemoTests/Info.plist;
				LD_RUNPATH_SEARCH_PATHS = "$(inherited) @executable_path/Frameworks @loader_path/Frameworks";
				PRODUCT_BUNDLE_IDENTIFIER = com.DMI.HealthKitDemoTests;
				PRODUCT_NAME = "$(TARGET_NAME)";
				SWIFT_VERSION = 3.0;
				TEST_HOST = "$(BUILT_PRODUCTS_DIR)/HealthKitDemo.app/HealthKitDemo";
			};
			name = Debug;
		};
		2BE82D6C1E64607A003AE943 /* Release */ = {
			isa = XCBuildConfiguration;
			baseConfigurationReference = 5EE3DED6E19D77FE4003AC97 /* Pods-HealthKitDemoTests.release.xcconfig */;
			buildSettings = {
				ALWAYS_EMBED_SWIFT_STANDARD_LIBRARIES = YES;
				BUNDLE_LOADER = "$(TEST_HOST)";
				INFOPLIST_FILE = HealthKitDemoTests/Info.plist;
				LD_RUNPATH_SEARCH_PATHS = "$(inherited) @executable_path/Frameworks @loader_path/Frameworks";
				PRODUCT_BUNDLE_IDENTIFIER = com.DMI.HealthKitDemoTests;
				PRODUCT_NAME = "$(TARGET_NAME)";
				SWIFT_VERSION = 3.0;
				TEST_HOST = "$(BUILT_PRODUCTS_DIR)/HealthKitDemo.app/HealthKitDemo";
			};
			name = Release;
		};
		2BE82D6E1E64607A003AE943 /* Debug */ = {
			isa = XCBuildConfiguration;
			baseConfigurationReference = 38B5FFC7356AD448B7F26515 /* Pods-HealthKitDemoUITests.debug.xcconfig */;
			buildSettings = {
				ALWAYS_EMBED_SWIFT_STANDARD_LIBRARIES = YES;
				INFOPLIST_FILE = HealthKitDemoUITests/Info.plist;
				LD_RUNPATH_SEARCH_PATHS = "$(inherited) @executable_path/Frameworks @loader_path/Frameworks";
				PRODUCT_BUNDLE_IDENTIFIER = com.DMI.HealthKitDemoUITests;
				PRODUCT_NAME = "$(TARGET_NAME)";
				SWIFT_VERSION = 3.0;
				TEST_TARGET_NAME = HealthKitDemo;
			};
			name = Debug;
		};
		2BE82D6F1E64607A003AE943 /* Release */ = {
			isa = XCBuildConfiguration;
			baseConfigurationReference = E7193338E80ACEA18BAAF02D /* Pods-HealthKitDemoUITests.release.xcconfig */;
			buildSettings = {
				ALWAYS_EMBED_SWIFT_STANDARD_LIBRARIES = YES;
				INFOPLIST_FILE = HealthKitDemoUITests/Info.plist;
				LD_RUNPATH_SEARCH_PATHS = "$(inherited) @executable_path/Frameworks @loader_path/Frameworks";
				PRODUCT_BUNDLE_IDENTIFIER = com.DMI.HealthKitDemoUITests;
				PRODUCT_NAME = "$(TARGET_NAME)";
				SWIFT_VERSION = 3.0;
				TEST_TARGET_NAME = HealthKitDemo;
			};
			name = Release;
		};
/* End XCBuildConfiguration section */

/* Begin XCConfigurationList section */
		2BE82D111E646077003AE943 /* Build configuration list for PBXProject "HealthKitDemo" */ = {
			isa = XCConfigurationList;
			buildConfigurations = (
				2BE82D5D1E64607A003AE943 /* Debug */,
				2BE82D5E1E64607A003AE943 /* Release */,
			);
			defaultConfigurationIsVisible = 0;
			defaultConfigurationName = Release;
		};
		2BE82D5F1E64607A003AE943 /* Build configuration list for PBXNativeTarget "HealthKitDemo WatchKit Extension" */ = {
			isa = XCConfigurationList;
			buildConfigurations = (
				2BE82D601E64607A003AE943 /* Debug */,
				2BE82D611E64607A003AE943 /* Release */,
			);
			defaultConfigurationIsVisible = 0;
			defaultConfigurationName = Release;
		};
		2BE82D631E64607A003AE943 /* Build configuration list for PBXNativeTarget "HealthKitDemo WatchKit App" */ = {
			isa = XCConfigurationList;
			buildConfigurations = (
				2BE82D641E64607A003AE943 /* Debug */,
				2BE82D651E64607A003AE943 /* Release */,
			);
			defaultConfigurationIsVisible = 0;
			defaultConfigurationName = Release;
		};
		2BE82D671E64607A003AE943 /* Build configuration list for PBXNativeTarget "HealthKitDemo" */ = {
			isa = XCConfigurationList;
			buildConfigurations = (
				2BE82D681E64607A003AE943 /* Debug */,
				2BE82D691E64607A003AE943 /* Release */,
			);
			defaultConfigurationIsVisible = 0;
			defaultConfigurationName = Release;
		};
		2BE82D6A1E64607A003AE943 /* Build configuration list for PBXNativeTarget "HealthKitDemoTests" */ = {
			isa = XCConfigurationList;
			buildConfigurations = (
				2BE82D6B1E64607A003AE943 /* Debug */,
				2BE82D6C1E64607A003AE943 /* Release */,
			);
			defaultConfigurationIsVisible = 0;
			defaultConfigurationName = Release;
		};
		2BE82D6D1E64607A003AE943 /* Build configuration list for PBXNativeTarget "HealthKitDemoUITests" */ = {
			isa = XCConfigurationList;
			buildConfigurations = (
				2BE82D6E1E64607A003AE943 /* Debug */,
				2BE82D6F1E64607A003AE943 /* Release */,
			);
			defaultConfigurationIsVisible = 0;
			defaultConfigurationName = Release;
		};
/* End XCConfigurationList section */
	};
	rootObject = 2BE82D0E1E646077003AE943 /* Project object */;
}
