// !$*UTF8*$!
{
	archiveVersion = 1;
	classes = {
	};
	objectVersion = 46;
	objects = {

/* Begin PBXBuildFile section */
		2BEFE0691E66DCAB00619D89 /* AppDelegate.swift in Sources */ = {isa = PBXBuildFile; fileRef = 2BEFE0681E66DCAB00619D89 /* AppDelegate.swift */; };
		2BEFE06E1E66DCAB00619D89 /* Main.storyboard in Resources */ = {isa = PBXBuildFile; fileRef = 2BEFE06C1E66DCAB00619D89 /* Main.storyboard */; };
		2BEFE0701E66DCAB00619D89 /* Assets.xcassets in Resources */ = {isa = PBXBuildFile; fileRef = 2BEFE06F1E66DCAB00619D89 /* Assets.xcassets */; };
		2BEFE0731E66DCAB00619D89 /* LaunchScreen.storyboard in Resources */ = {isa = PBXBuildFile; fileRef = 2BEFE0711E66DCAB00619D89 /* LaunchScreen.storyboard */; };
		2BEFE07E1E66DCAB00619D89 /* WatchKitDemoAppTests.swift in Sources */ = {isa = PBXBuildFile; fileRef = 2BEFE07D1E66DCAB00619D89 /* WatchKitDemoAppTests.swift */; };
		2BEFE0891E66DCAB00619D89 /* WatchKitDemoAppUITests.swift in Sources */ = {isa = PBXBuildFile; fileRef = 2BEFE0881E66DCAB00619D89 /* WatchKitDemoAppUITests.swift */; };
		2BEFE08E1E66DCAB00619D89 /* WatchKitDemoApp WatchKit App.app in Embed Watch Content */ = {isa = PBXBuildFile; fileRef = 2BEFE08D1E66DCAB00619D89 /* WatchKitDemoApp WatchKit App.app */; };
		2BEFE0941E66DCAB00619D89 /* Interface.storyboard in Resources */ = {isa = PBXBuildFile; fileRef = 2BEFE0921E66DCAB00619D89 /* Interface.storyboard */; };
		2BEFE0961E66DCAB00619D89 /* Assets.xcassets in Resources */ = {isa = PBXBuildFile; fileRef = 2BEFE0951E66DCAB00619D89 /* Assets.xcassets */; };
		2BEFE09D1E66DCAC00619D89 /* WatchKitDemoApp WatchKit Extension.appex in Embed App Extensions */ = {isa = PBXBuildFile; fileRef = 2BEFE09C1E66DCAC00619D89 /* WatchKitDemoApp WatchKit Extension.appex */; settings = {ATTRIBUTES = (RemoveHeadersOnCopy, ); }; };
		2BEFE0A41E66DCAC00619D89 /* InterfaceController.swift in Sources */ = {isa = PBXBuildFile; fileRef = 2BEFE0A31E66DCAC00619D89 /* InterfaceController.swift */; };
		2BEFE0A61E66DCAC00619D89 /* ExtensionDelegate.swift in Sources */ = {isa = PBXBuildFile; fileRef = 2BEFE0A51E66DCAC00619D89 /* ExtensionDelegate.swift */; };
		2BEFE0A81E66DCAC00619D89 /* NotificationController.swift in Sources */ = {isa = PBXBuildFile; fileRef = 2BEFE0A71E66DCAC00619D89 /* NotificationController.swift */; };
		2BEFE0AA1E66DCAC00619D89 /* Assets.xcassets in Resources */ = {isa = PBXBuildFile; fileRef = 2BEFE0A91E66DCAC00619D89 /* Assets.xcassets */; };
		2BEFE0CD1E66E58900619D89 /* ViewController.swift in Sources */ = {isa = PBXBuildFile; fileRef = 2BEFE0CB1E66E58900619D89 /* ViewController.swift */; };
		2BEFE0D61E66E8A500619D89 /* HealthManager.swift in Sources */ = {isa = PBXBuildFile; fileRef = 2BEFE0D51E66E8A500619D89 /* HealthManager.swift */; };
		5F235FB7DCA94D6B7EFD1223 /* Pods_WatchKitDemoApp_WatchKit_App.framework in Frameworks */ = {isa = PBXBuildFile; fileRef = BE3091F4FE5DF9CFAE73BBAD /* Pods_WatchKitDemoApp_WatchKit_App.framework */; };
		87D3CF9BC5C54170A7389E6B /* Pods_WatchKitDemoApp_WatchKit_Extension.framework in Frameworks */ = {isa = PBXBuildFile; fileRef = 520949826054CE9464A718B5 /* Pods_WatchKitDemoApp_WatchKit_Extension.framework */; };
		DC9A1F1668A56167BA8F989B /* Pods_WatchKitDemoAppTests.framework in Frameworks */ = {isa = PBXBuildFile; fileRef = 2661CB8D1CE108B8E5ADBB1A /* Pods_WatchKitDemoAppTests.framework */; };
		E49CD0D654755E95D8A3FE85 /* Pods_WatchKitDemoAppUITests.framework in Frameworks */ = {isa = PBXBuildFile; fileRef = A1F66B42AA8F59612AB8DCB8 /* Pods_WatchKitDemoAppUITests.framework */; };
		EE6DED907C134CC46667C453 /* Pods_WatchKitDemoApp.framework in Frameworks */ = {isa = PBXBuildFile; fileRef = 636D1B72E9741C4FB9CDED9D /* Pods_WatchKitDemoApp.framework */; };
/* End PBXBuildFile section */

/* Begin PBXContainerItemProxy section */
		2BEFE07A1E66DCAB00619D89 /* PBXContainerItemProxy */ = {
			isa = PBXContainerItemProxy;
			containerPortal = 2BEFE05D1E66DCAA00619D89 /* Project object */;
			proxyType = 1;
			remoteGlobalIDString = 2BEFE0641E66DCAA00619D89;
			remoteInfo = WatchKitDemoApp;
		};
		2BEFE0851E66DCAB00619D89 /* PBXContainerItemProxy */ = {
			isa = PBXContainerItemProxy;
			containerPortal = 2BEFE05D1E66DCAA00619D89 /* Project object */;
			proxyType = 1;
			remoteGlobalIDString = 2BEFE0641E66DCAA00619D89;
			remoteInfo = WatchKitDemoApp;
		};
		2BEFE08F1E66DCAB00619D89 /* PBXContainerItemProxy */ = {
			isa = PBXContainerItemProxy;
			containerPortal = 2BEFE05D1E66DCAA00619D89 /* Project object */;
			proxyType = 1;
			remoteGlobalIDString = 2BEFE08C1E66DCAB00619D89;
			remoteInfo = "WatchKitDemoApp WatchKit App";
		};
		2BEFE09E1E66DCAC00619D89 /* PBXContainerItemProxy */ = {
			isa = PBXContainerItemProxy;
			containerPortal = 2BEFE05D1E66DCAA00619D89 /* Project object */;
			proxyType = 1;
			remoteGlobalIDString = 2BEFE09B1E66DCAC00619D89;
			remoteInfo = "WatchKitDemoApp WatchKit Extension";
		};
/* End PBXContainerItemProxy section */

/* Begin PBXCopyFilesBuildPhase section */
		2BEFE0B11E66DCAC00619D89 /* Embed App Extensions */ = {
			isa = PBXCopyFilesBuildPhase;
			buildActionMask = 2147483647;
			dstPath = "";
			dstSubfolderSpec = 13;
			files = (
				2BEFE09D1E66DCAC00619D89 /* WatchKitDemoApp WatchKit Extension.appex in Embed App Extensions */,
			);
			name = "Embed App Extensions";
			runOnlyForDeploymentPostprocessing = 0;
		};
		2BEFE0B51E66DCAC00619D89 /* Embed Watch Content */ = {
			isa = PBXCopyFilesBuildPhase;
			buildActionMask = 2147483647;
			dstPath = "$(CONTENTS_FOLDER_PATH)/Watch";
			dstSubfolderSpec = 16;
			files = (
				2BEFE08E1E66DCAB00619D89 /* WatchKitDemoApp WatchKit App.app in Embed Watch Content */,
			);
			name = "Embed Watch Content";
			runOnlyForDeploymentPostprocessing = 0;
		};
/* End PBXCopyFilesBuildPhase section */

/* Begin PBXFileReference section */
		21E2CE07E7F7953AD4684432 /* Pods-WatchKitDemoAppUITests.debug.xcconfig */ = {isa = PBXFileReference; includeInIndex = 1; lastKnownFileType = text.xcconfig; name = "Pods-WatchKitDemoAppUITests.debug.xcconfig"; path = "Pods/Target Support Files/Pods-WatchKitDemoAppUITests/Pods-WatchKitDemoAppUITests.debug.xcconfig"; sourceTree = "<group>"; };
		2661CB8D1CE108B8E5ADBB1A /* Pods_WatchKitDemoAppTests.framework */ = {isa = PBXFileReference; explicitFileType = wrapper.framework; includeInIndex = 0; path = Pods_WatchKitDemoAppTests.framework; sourceTree = BUILT_PRODUCTS_DIR; };
		2BEFE0651E66DCAB00619D89 /* WatchKitDemoApp.app */ = {isa = PBXFileReference; explicitFileType = wrapper.application; includeInIndex = 0; path = WatchKitDemoApp.app; sourceTree = BUILT_PRODUCTS_DIR; };
		2BEFE0681E66DCAB00619D89 /* AppDelegate.swift */ = {isa = PBXFileReference; lastKnownFileType = sourcecode.swift; path = AppDelegate.swift; sourceTree = "<group>"; };
		2BEFE06D1E66DCAB00619D89 /* Base */ = {isa = PBXFileReference; lastKnownFileType = file.storyboard; name = Base; path = Base.lproj/Main.storyboard; sourceTree = "<group>"; };
		2BEFE06F1E66DCAB00619D89 /* Assets.xcassets */ = {isa = PBXFileReference; lastKnownFileType = folder.assetcatalog; path = Assets.xcassets; sourceTree = "<group>"; };
		2BEFE0721E66DCAB00619D89 /* Base */ = {isa = PBXFileReference; lastKnownFileType = file.storyboard; name = Base; path = Base.lproj/LaunchScreen.storyboard; sourceTree = "<group>"; };
		2BEFE0741E66DCAB00619D89 /* Info.plist */ = {isa = PBXFileReference; lastKnownFileType = text.plist.xml; path = Info.plist; sourceTree = "<group>"; };
		2BEFE0791E66DCAB00619D89 /* WatchKitDemoAppTests.xctest */ = {isa = PBXFileReference; explicitFileType = wrapper.cfbundle; includeInIndex = 0; path = WatchKitDemoAppTests.xctest; sourceTree = BUILT_PRODUCTS_DIR; };
		2BEFE07D1E66DCAB00619D89 /* WatchKitDemoAppTests.swift */ = {isa = PBXFileReference; lastKnownFileType = sourcecode.swift; path = WatchKitDemoAppTests.swift; sourceTree = "<group>"; };
		2BEFE07F1E66DCAB00619D89 /* Info.plist */ = {isa = PBXFileReference; lastKnownFileType = text.plist.xml; path = Info.plist; sourceTree = "<group>"; };
		2BEFE0841E66DCAB00619D89 /* WatchKitDemoAppUITests.xctest */ = {isa = PBXFileReference; explicitFileType = wrapper.cfbundle; includeInIndex = 0; path = WatchKitDemoAppUITests.xctest; sourceTree = BUILT_PRODUCTS_DIR; };
		2BEFE0881E66DCAB00619D89 /* WatchKitDemoAppUITests.swift */ = {isa = PBXFileReference; lastKnownFileType = sourcecode.swift; path = WatchKitDemoAppUITests.swift; sourceTree = "<group>"; };
		2BEFE08A1E66DCAB00619D89 /* Info.plist */ = {isa = PBXFileReference; lastKnownFileType = text.plist.xml; path = Info.plist; sourceTree = "<group>"; };
		2BEFE08D1E66DCAB00619D89 /* WatchKitDemoApp WatchKit App.app */ = {isa = PBXFileReference; explicitFileType = wrapper.application; includeInIndex = 0; path = "WatchKitDemoApp WatchKit App.app"; sourceTree = BUILT_PRODUCTS_DIR; };
		2BEFE0931E66DCAB00619D89 /* Base */ = {isa = PBXFileReference; lastKnownFileType = file.storyboard; name = Base; path = Base.lproj/Interface.storyboard; sourceTree = "<group>"; };
		2BEFE0951E66DCAB00619D89 /* Assets.xcassets */ = {isa = PBXFileReference; lastKnownFileType = folder.assetcatalog; path = Assets.xcassets; sourceTree = "<group>"; };
		2BEFE0971E66DCAC00619D89 /* Info.plist */ = {isa = PBXFileReference; lastKnownFileType = text.plist.xml; path = Info.plist; sourceTree = "<group>"; };
		2BEFE09C1E66DCAC00619D89 /* WatchKitDemoApp WatchKit Extension.appex */ = {isa = PBXFileReference; explicitFileType = "wrapper.app-extension"; includeInIndex = 0; path = "WatchKitDemoApp WatchKit Extension.appex"; sourceTree = BUILT_PRODUCTS_DIR; };
		2BEFE0A21E66DCAC00619D89 /* PushNotificationPayload.apns */ = {isa = PBXFileReference; lastKnownFileType = text; path = PushNotificationPayload.apns; sourceTree = "<group>"; };
		2BEFE0A31E66DCAC00619D89 /* InterfaceController.swift */ = {isa = PBXFileReference; lastKnownFileType = sourcecode.swift; path = InterfaceController.swift; sourceTree = "<group>"; };
		2BEFE0A51E66DCAC00619D89 /* ExtensionDelegate.swift */ = {isa = PBXFileReference; lastKnownFileType = sourcecode.swift; path = ExtensionDelegate.swift; sourceTree = "<group>"; };
		2BEFE0A71E66DCAC00619D89 /* NotificationController.swift */ = {isa = PBXFileReference; lastKnownFileType = sourcecode.swift; path = NotificationController.swift; sourceTree = "<group>"; };
		2BEFE0A91E66DCAC00619D89 /* Assets.xcassets */ = {isa = PBXFileReference; lastKnownFileType = folder.assetcatalog; path = Assets.xcassets; sourceTree = "<group>"; };
		2BEFE0AB1E66DCAC00619D89 /* Info.plist */ = {isa = PBXFileReference; lastKnownFileType = text.plist.xml; path = Info.plist; sourceTree = "<group>"; };
		2BEFE0CB1E66E58900619D89 /* ViewController.swift */ = {isa = PBXFileReference; fileEncoding = 4; lastKnownFileType = sourcecode.swift; path = ViewController.swift; sourceTree = "<group>"; };
		2BEFE0D21E66E61E00619D89 /* HealthKit.framework */ = {isa = PBXFileReference; lastKnownFileType = wrapper.framework; name = HealthKit.framework; path = System/Library/Frameworks/HealthKit.framework; sourceTree = SDKROOT; };
		2BEFE0D51E66E8A500619D89 /* HealthManager.swift */ = {isa = PBXFileReference; fileEncoding = 4; lastKnownFileType = sourcecode.swift; path = HealthManager.swift; sourceTree = "<group>"; };
		2BFEFB983EFEE9351F2CB986 /* Pods-WatchKitDemoAppTests.release.xcconfig */ = {isa = PBXFileReference; includeInIndex = 1; lastKnownFileType = text.xcconfig; name = "Pods-WatchKitDemoAppTests.release.xcconfig"; path = "Pods/Target Support Files/Pods-WatchKitDemoAppTests/Pods-WatchKitDemoAppTests.release.xcconfig"; sourceTree = "<group>"; };
		2F1E641681EB3EEA7395A221 /* Pods-WatchKitDemoApp WatchKit App.debug.xcconfig */ = {isa = PBXFileReference; includeInIndex = 1; lastKnownFileType = text.xcconfig; name = "Pods-WatchKitDemoApp WatchKit App.debug.xcconfig"; path = "Pods/Target Support Files/Pods-WatchKitDemoApp WatchKit App/Pods-WatchKitDemoApp WatchKit App.debug.xcconfig"; sourceTree = "<group>"; };
		356470A9E39E0E6BEF57C9B7 /* Pods-WatchKitDemoAppTests.debug.xcconfig */ = {isa = PBXFileReference; includeInIndex = 1; lastKnownFileType = text.xcconfig; name = "Pods-WatchKitDemoAppTests.debug.xcconfig"; path = "Pods/Target Support Files/Pods-WatchKitDemoAppTests/Pods-WatchKitDemoAppTests.debug.xcconfig"; sourceTree = "<group>"; };
		3A4D02CDE085C8E4758CE585 /* Pods-WatchKitDemoApp.debug.xcconfig */ = {isa = PBXFileReference; includeInIndex = 1; lastKnownFileType = text.xcconfig; name = "Pods-WatchKitDemoApp.debug.xcconfig"; path = "Pods/Target Support Files/Pods-WatchKitDemoApp/Pods-WatchKitDemoApp.debug.xcconfig"; sourceTree = "<group>"; };
		44689A6754FC9FA2EA541073 /* Pods-WatchKitDemoAppUITests.release.xcconfig */ = {isa = PBXFileReference; includeInIndex = 1; lastKnownFileType = text.xcconfig; name = "Pods-WatchKitDemoAppUITests.release.xcconfig"; path = "Pods/Target Support Files/Pods-WatchKitDemoAppUITests/Pods-WatchKitDemoAppUITests.release.xcconfig"; sourceTree = "<group>"; };
		520949826054CE9464A718B5 /* Pods_WatchKitDemoApp_WatchKit_Extension.framework */ = {isa = PBXFileReference; explicitFileType = wrapper.framework; includeInIndex = 0; path = Pods_WatchKitDemoApp_WatchKit_Extension.framework; sourceTree = BUILT_PRODUCTS_DIR; };
		636D1B72E9741C4FB9CDED9D /* Pods_WatchKitDemoApp.framework */ = {isa = PBXFileReference; explicitFileType = wrapper.framework; includeInIndex = 0; path = Pods_WatchKitDemoApp.framework; sourceTree = BUILT_PRODUCTS_DIR; };
		6D59E57C2EAD9C502472154A /* Pods-WatchKitDemoApp WatchKit App.release.xcconfig */ = {isa = PBXFileReference; includeInIndex = 1; lastKnownFileType = text.xcconfig; name = "Pods-WatchKitDemoApp WatchKit App.release.xcconfig"; path = "Pods/Target Support Files/Pods-WatchKitDemoApp WatchKit App/Pods-WatchKitDemoApp WatchKit App.release.xcconfig"; sourceTree = "<group>"; };
		7E1504ED635768A20E002874 /* Pods-WatchKitDemoApp WatchKit Extension.debug.xcconfig */ = {isa = PBXFileReference; includeInIndex = 1; lastKnownFileType = text.xcconfig; name = "Pods-WatchKitDemoApp WatchKit Extension.debug.xcconfig"; path = "Pods/Target Support Files/Pods-WatchKitDemoApp WatchKit Extension/Pods-WatchKitDemoApp WatchKit Extension.debug.xcconfig"; sourceTree = "<group>"; };
		A1F66B42AA8F59612AB8DCB8 /* Pods_WatchKitDemoAppUITests.framework */ = {isa = PBXFileReference; explicitFileType = wrapper.framework; includeInIndex = 0; path = Pods_WatchKitDemoAppUITests.framework; sourceTree = BUILT_PRODUCTS_DIR; };
		BE3091F4FE5DF9CFAE73BBAD /* Pods_WatchKitDemoApp_WatchKit_App.framework */ = {isa = PBXFileReference; explicitFileType = wrapper.framework; includeInIndex = 0; path = Pods_WatchKitDemoApp_WatchKit_App.framework; sourceTree = BUILT_PRODUCTS_DIR; };
		D21A01901B861AB9564DD1C6 /* Pods-WatchKitDemoApp.release.xcconfig */ = {isa = PBXFileReference; includeInIndex = 1; lastKnownFileType = text.xcconfig; name = "Pods-WatchKitDemoApp.release.xcconfig"; path = "Pods/Target Support Files/Pods-WatchKitDemoApp/Pods-WatchKitDemoApp.release.xcconfig"; sourceTree = "<group>"; };
		FC4475E91CA4D81FD658D8F7 /* Pods-WatchKitDemoApp WatchKit Extension.release.xcconfig */ = {isa = PBXFileReference; includeInIndex = 1; lastKnownFileType = text.xcconfig; name = "Pods-WatchKitDemoApp WatchKit Extension.release.xcconfig"; path = "Pods/Target Support Files/Pods-WatchKitDemoApp WatchKit Extension/Pods-WatchKitDemoApp WatchKit Extension.release.xcconfig"; sourceTree = "<group>"; };
/* End PBXFileReference section */

/* Begin PBXFrameworksBuildPhase section */
		2BEFE0621E66DCAA00619D89 /* Frameworks */ = {
			isa = PBXFrameworksBuildPhase;
			buildActionMask = 2147483647;
			files = (
				EE6DED907C134CC46667C453 /* Pods_WatchKitDemoApp.framework in Frameworks */,
			);
			runOnlyForDeploymentPostprocessing = 0;
		};
		2BEFE0761E66DCAB00619D89 /* Frameworks */ = {
			isa = PBXFrameworksBuildPhase;
			buildActionMask = 2147483647;
			files = (
				DC9A1F1668A56167BA8F989B /* Pods_WatchKitDemoAppTests.framework in Frameworks */,
			);
			runOnlyForDeploymentPostprocessing = 0;
		};
		2BEFE0811E66DCAB00619D89 /* Frameworks */ = {
			isa = PBXFrameworksBuildPhase;
			buildActionMask = 2147483647;
			files = (
				E49CD0D654755E95D8A3FE85 /* Pods_WatchKitDemoAppUITests.framework in Frameworks */,
			);
			runOnlyForDeploymentPostprocessing = 0;
		};
		2BEFE0991E66DCAC00619D89 /* Frameworks */ = {
			isa = PBXFrameworksBuildPhase;
			buildActionMask = 2147483647;
			files = (
				87D3CF9BC5C54170A7389E6B /* Pods_WatchKitDemoApp_WatchKit_Extension.framework in Frameworks */,
			);
			runOnlyForDeploymentPostprocessing = 0;
		};
		CB598388C1AD62FD25DB5068 /* Frameworks */ = {
			isa = PBXFrameworksBuildPhase;
			buildActionMask = 2147483647;
			files = (
				5F235FB7DCA94D6B7EFD1223 /* Pods_WatchKitDemoApp_WatchKit_App.framework in Frameworks */,
			);
			runOnlyForDeploymentPostprocessing = 0;
		};
/* End PBXFrameworksBuildPhase section */

/* Begin PBXGroup section */
		2ABE6967CA931851CA0E406B /* Pods */ = {
			isa = PBXGroup;
			children = (
				3A4D02CDE085C8E4758CE585 /* Pods-WatchKitDemoApp.debug.xcconfig */,
				D21A01901B861AB9564DD1C6 /* Pods-WatchKitDemoApp.release.xcconfig */,
				2F1E641681EB3EEA7395A221 /* Pods-WatchKitDemoApp WatchKit App.debug.xcconfig */,
				6D59E57C2EAD9C502472154A /* Pods-WatchKitDemoApp WatchKit App.release.xcconfig */,
				7E1504ED635768A20E002874 /* Pods-WatchKitDemoApp WatchKit Extension.debug.xcconfig */,
				FC4475E91CA4D81FD658D8F7 /* Pods-WatchKitDemoApp WatchKit Extension.release.xcconfig */,
				356470A9E39E0E6BEF57C9B7 /* Pods-WatchKitDemoAppTests.debug.xcconfig */,
				2BFEFB983EFEE9351F2CB986 /* Pods-WatchKitDemoAppTests.release.xcconfig */,
				21E2CE07E7F7953AD4684432 /* Pods-WatchKitDemoAppUITests.debug.xcconfig */,
				44689A6754FC9FA2EA541073 /* Pods-WatchKitDemoAppUITests.release.xcconfig */,
			);
			name = Pods;
			sourceTree = "<group>";
		};
		2BEFE05C1E66DCAA00619D89 = {
			isa = PBXGroup;
			children = (
				2BEFE0671E66DCAB00619D89 /* WatchKitDemoApp */,
				2BEFE07C1E66DCAB00619D89 /* WatchKitDemoAppTests */,
				2BEFE0871E66DCAB00619D89 /* WatchKitDemoAppUITests */,
				2BEFE0911E66DCAB00619D89 /* WatchKitDemoApp WatchKit App */,
				2BEFE0A01E66DCAC00619D89 /* WatchKitDemoApp WatchKit Extension */,
				2BEFE0661E66DCAB00619D89 /* Products */,
				2ABE6967CA931851CA0E406B /* Pods */,
				A41F57E016BCD5E360A20A8B /* Frameworks */,
			);
			sourceTree = "<group>";
		};
		2BEFE0661E66DCAB00619D89 /* Products */ = {
			isa = PBXGroup;
			children = (
				2BEFE0651E66DCAB00619D89 /* WatchKitDemoApp.app */,
				2BEFE0791E66DCAB00619D89 /* WatchKitDemoAppTests.xctest */,
				2BEFE0841E66DCAB00619D89 /* WatchKitDemoAppUITests.xctest */,
				2BEFE08D1E66DCAB00619D89 /* WatchKitDemoApp WatchKit App.app */,
				2BEFE09C1E66DCAC00619D89 /* WatchKitDemoApp WatchKit Extension.appex */,
			);
			name = Products;
			sourceTree = "<group>";
		};
		2BEFE0671E66DCAB00619D89 /* WatchKitDemoApp */ = {
			isa = PBXGroup;
			children = (
				2BEFE0C71E66E58900619D89 /* Model */,
				2BEFE0C81E66E58900619D89 /* Utilities */,
				2BEFE0CA1E66E58900619D89 /* ViewControllers */,
				2BEFE0CC1E66E58900619D89 /* Views */,
				2BEFE0681E66DCAB00619D89 /* AppDelegate.swift */,
				2BEFE06C1E66DCAB00619D89 /* Main.storyboard */,
				2BEFE06F1E66DCAB00619D89 /* Assets.xcassets */,
				2BEFE0711E66DCAB00619D89 /* LaunchScreen.storyboard */,
				2BEFE0741E66DCAB00619D89 /* Info.plist */,
			);
			path = WatchKitDemoApp;
			sourceTree = "<group>";
		};
		2BEFE07C1E66DCAB00619D89 /* WatchKitDemoAppTests */ = {
			isa = PBXGroup;
			children = (
				2BEFE07D1E66DCAB00619D89 /* WatchKitDemoAppTests.swift */,
				2BEFE07F1E66DCAB00619D89 /* Info.plist */,
			);
			path = WatchKitDemoAppTests;
			sourceTree = "<group>";
		};
		2BEFE0871E66DCAB00619D89 /* WatchKitDemoAppUITests */ = {
			isa = PBXGroup;
			children = (
				2BEFE0881E66DCAB00619D89 /* WatchKitDemoAppUITests.swift */,
				2BEFE08A1E66DCAB00619D89 /* Info.plist */,
			);
			path = WatchKitDemoAppUITests;
			sourceTree = "<group>";
		};
		2BEFE0911E66DCAB00619D89 /* WatchKitDemoApp WatchKit App */ = {
			isa = PBXGroup;
			children = (
				2BEFE0921E66DCAB00619D89 /* Interface.storyboard */,
				2BEFE0951E66DCAB00619D89 /* Assets.xcassets */,
				2BEFE0971E66DCAC00619D89 /* Info.plist */,
			);
			path = "WatchKitDemoApp WatchKit App";
			sourceTree = "<group>";
		};
		2BEFE0A01E66DCAC00619D89 /* WatchKitDemoApp WatchKit Extension */ = {
			isa = PBXGroup;
			children = (
				2BEFE0A31E66DCAC00619D89 /* InterfaceController.swift */,
				2BEFE0A51E66DCAC00619D89 /* ExtensionDelegate.swift */,
				2BEFE0A71E66DCAC00619D89 /* NotificationController.swift */,
				2BEFE0A91E66DCAC00619D89 /* Assets.xcassets */,
				2BEFE0AB1E66DCAC00619D89 /* Info.plist */,
				2BEFE0A11E66DCAC00619D89 /* Supporting Files */,
			);
			path = "WatchKitDemoApp WatchKit Extension";
			sourceTree = "<group>";
		};
		2BEFE0A11E66DCAC00619D89 /* Supporting Files */ = {
			isa = PBXGroup;
			children = (
				2BEFE0A21E66DCAC00619D89 /* PushNotificationPayload.apns */,
			);
			name = "Supporting Files";
			sourceTree = "<group>";
		};
		2BEFE0C71E66E58900619D89 /* Model */ = {
			isa = PBXGroup;
			children = (
			);
			path = Model;
			sourceTree = "<group>";
		};
		2BEFE0C81E66E58900619D89 /* Utilities */ = {
			isa = PBXGroup;
			children = (
				2BEFE0D41E66E8A500619D89 /* HealthManager */,
			);
			path = Utilities;
			sourceTree = "<group>";
		};
		2BEFE0CA1E66E58900619D89 /* ViewControllers */ = {
			isa = PBXGroup;
			children = (
				2BEFE0CB1E66E58900619D89 /* ViewController.swift */,
			);
			path = ViewControllers;
			sourceTree = "<group>";
		};
		2BEFE0CC1E66E58900619D89 /* Views */ = {
			isa = PBXGroup;
			children = (
			);
			path = Views;
			sourceTree = "<group>";
		};
		2BEFE0D41E66E8A500619D89 /* HealthManager */ = {
			isa = PBXGroup;
			children = (
				2BEFE0D51E66E8A500619D89 /* HealthManager.swift */,
			);
			path = HealthManager;
			sourceTree = "<group>";
		};
		A41F57E016BCD5E360A20A8B /* Frameworks */ = {
			isa = PBXGroup;
			children = (
				2BEFE0D21E66E61E00619D89 /* HealthKit.framework */,
				636D1B72E9741C4FB9CDED9D /* Pods_WatchKitDemoApp.framework */,
				BE3091F4FE5DF9CFAE73BBAD /* Pods_WatchKitDemoApp_WatchKit_App.framework */,
				520949826054CE9464A718B5 /* Pods_WatchKitDemoApp_WatchKit_Extension.framework */,
				2661CB8D1CE108B8E5ADBB1A /* Pods_WatchKitDemoAppTests.framework */,
				A1F66B42AA8F59612AB8DCB8 /* Pods_WatchKitDemoAppUITests.framework */,
			);
			name = Frameworks;
			sourceTree = "<group>";
		};
/* End PBXGroup section */

/* Begin PBXNativeTarget section */
		2BEFE0641E66DCAA00619D89 /* WatchKitDemoApp */ = {
			isa = PBXNativeTarget;
			buildConfigurationList = 2BEFE0B61E66DCAC00619D89 /* Build configuration list for PBXNativeTarget "WatchKitDemoApp" */;
			buildPhases = (
				1F47B5F51BAD908D610D99F5 /* [CP] Check Pods Manifest.lock */,
				2BEFE0611E66DCAA00619D89 /* Sources */,
				2BEFE0621E66DCAA00619D89 /* Frameworks */,
				2BEFE0631E66DCAA00619D89 /* Resources */,
				2BEFE0B51E66DCAC00619D89 /* Embed Watch Content */,
				1489549F0908E068D4739132 /* [CP] Embed Pods Frameworks */,
				CB0293FB8FED4046C5BAEE7B /* [CP] Copy Pods Resources */,
			);
			buildRules = (
			);
			dependencies = (
				2BEFE0901E66DCAB00619D89 /* PBXTargetDependency */,
			);
			name = WatchKitDemoApp;
			productName = WatchKitDemoApp;
			productReference = 2BEFE0651E66DCAB00619D89 /* WatchKitDemoApp.app */;
			productType = "com.apple.product-type.application";
		};
		2BEFE0781E66DCAB00619D89 /* WatchKitDemoAppTests */ = {
			isa = PBXNativeTarget;
			buildConfigurationList = 2BEFE0B91E66DCAC00619D89 /* Build configuration list for PBXNativeTarget "WatchKitDemoAppTests" */;
			buildPhases = (
				13473B9567483BE01E3E6511 /* [CP] Check Pods Manifest.lock */,
				2BEFE0751E66DCAB00619D89 /* Sources */,
				2BEFE0761E66DCAB00619D89 /* Frameworks */,
				2BEFE0771E66DCAB00619D89 /* Resources */,
				F7C494DD9D9E76E4DD7FB577 /* [CP] Embed Pods Frameworks */,
				C93127B8B62B6ED7D2A82726 /* [CP] Copy Pods Resources */,
			);
			buildRules = (
			);
			dependencies = (
				2BEFE07B1E66DCAB00619D89 /* PBXTargetDependency */,
			);
			name = WatchKitDemoAppTests;
			productName = WatchKitDemoAppTests;
			productReference = 2BEFE0791E66DCAB00619D89 /* WatchKitDemoAppTests.xctest */;
			productType = "com.apple.product-type.bundle.unit-test";
		};
		2BEFE0831E66DCAB00619D89 /* WatchKitDemoAppUITests */ = {
			isa = PBXNativeTarget;
			buildConfigurationList = 2BEFE0BC1E66DCAC00619D89 /* Build configuration list for PBXNativeTarget "WatchKitDemoAppUITests" */;
			buildPhases = (
				9BA4A5D0801CFD98699CAD37 /* [CP] Check Pods Manifest.lock */,
				2BEFE0801E66DCAB00619D89 /* Sources */,
				2BEFE0811E66DCAB00619D89 /* Frameworks */,
				2BEFE0821E66DCAB00619D89 /* Resources */,
				449188AD0E9E64675C16BB8D /* [CP] Embed Pods Frameworks */,
				B82843E51DE711F69D05E406 /* [CP] Copy Pods Resources */,
			);
			buildRules = (
			);
			dependencies = (
				2BEFE0861E66DCAB00619D89 /* PBXTargetDependency */,
			);
			name = WatchKitDemoAppUITests;
			productName = WatchKitDemoAppUITests;
			productReference = 2BEFE0841E66DCAB00619D89 /* WatchKitDemoAppUITests.xctest */;
			productType = "com.apple.product-type.bundle.ui-testing";
		};
		2BEFE08C1E66DCAB00619D89 /* WatchKitDemoApp WatchKit App */ = {
			isa = PBXNativeTarget;
			buildConfigurationList = 2BEFE0B21E66DCAC00619D89 /* Build configuration list for PBXNativeTarget "WatchKitDemoApp WatchKit App" */;
			buildPhases = (
				DDC580ED9064C2F93C6112E9 /* [CP] Check Pods Manifest.lock */,
				2BEFE08B1E66DCAB00619D89 /* Resources */,
				2BEFE0B11E66DCAC00619D89 /* Embed App Extensions */,
				CB598388C1AD62FD25DB5068 /* Frameworks */,
				370C3B849D1D9A4F5651C53F /* [CP] Copy Pods Resources */,
			);
			buildRules = (
			);
			dependencies = (
				2BEFE09F1E66DCAC00619D89 /* PBXTargetDependency */,
			);
			name = "WatchKitDemoApp WatchKit App";
			productName = "WatchKitDemoApp WatchKit App";
			productReference = 2BEFE08D1E66DCAB00619D89 /* WatchKitDemoApp WatchKit App.app */;
			productType = "com.apple.product-type.application.watchapp2";
		};
		2BEFE09B1E66DCAC00619D89 /* WatchKitDemoApp WatchKit Extension */ = {
			isa = PBXNativeTarget;
			buildConfigurationList = 2BEFE0AE1E66DCAC00619D89 /* Build configuration list for PBXNativeTarget "WatchKitDemoApp WatchKit Extension" */;
			buildPhases = (
				D197341AA9AE1138CC57F5ED /* [CP] Check Pods Manifest.lock */,
				2BEFE0981E66DCAC00619D89 /* Sources */,
				2BEFE0991E66DCAC00619D89 /* Frameworks */,
				2BEFE09A1E66DCAC00619D89 /* Resources */,
				D623A48307C6A7C1405873A0 /* [CP] Embed Pods Frameworks */,
				DEEF90FDC0E972B0D755296D /* [CP] Copy Pods Resources */,
			);
			buildRules = (
			);
			dependencies = (
			);
			name = "WatchKitDemoApp WatchKit Extension";
			productName = "WatchKitDemoApp WatchKit Extension";
			productReference = 2BEFE09C1E66DCAC00619D89 /* WatchKitDemoApp WatchKit Extension.appex */;
			productType = "com.apple.product-type.watchkit2-extension";
		};
/* End PBXNativeTarget section */

/* Begin PBXProject section */
		2BEFE05D1E66DCAA00619D89 /* Project object */ = {
			isa = PBXProject;
			attributes = {
				LastSwiftUpdateCheck = 0820;
				LastUpgradeCheck = 0820;
				ORGANIZATIONNAME = "Siddharth suneel";
				TargetAttributes = {
					2BEFE0641E66DCAA00619D89 = {
						CreatedOnToolsVersion = 8.2;
						DevelopmentTeam = V47EB7AGDF;
						ProvisioningStyle = Manual;
					};
					2BEFE0781E66DCAB00619D89 = {
						CreatedOnToolsVersion = 8.2;
						ProvisioningStyle = Automatic;
						TestTargetID = 2BEFE0641E66DCAA00619D89;
					};
					2BEFE0831E66DCAB00619D89 = {
						CreatedOnToolsVersion = 8.2;
						ProvisioningStyle = Automatic;
						TestTargetID = 2BEFE0641E66DCAA00619D89;
					};
					2BEFE08C1E66DCAB00619D89 = {
						CreatedOnToolsVersion = 8.2;
						DevelopmentTeam = V47EB7AGDF;
						ProvisioningStyle = Manual;
					};
					2BEFE09B1E66DCAC00619D89 = {
						CreatedOnToolsVersion = 8.2;
						DevelopmentTeam = V47EB7AGDF;
						ProvisioningStyle = Manual;
					};
				};
			};
			buildConfigurationList = 2BEFE0601E66DCAA00619D89 /* Build configuration list for PBXProject "WatchKitDemoApp" */;
			compatibilityVersion = "Xcode 3.2";
			developmentRegion = English;
			hasScannedForEncodings = 0;
			knownRegions = (
				en,
				Base,
			);
			mainGroup = 2BEFE05C1E66DCAA00619D89;
			productRefGroup = 2BEFE0661E66DCAB00619D89 /* Products */;
			projectDirPath = "";
			projectRoot = "";
			targets = (
				2BEFE0641E66DCAA00619D89 /* WatchKitDemoApp */,
				2BEFE0781E66DCAB00619D89 /* WatchKitDemoAppTests */,
				2BEFE0831E66DCAB00619D89 /* WatchKitDemoAppUITests */,
				2BEFE08C1E66DCAB00619D89 /* WatchKitDemoApp WatchKit App */,
				2BEFE09B1E66DCAC00619D89 /* WatchKitDemoApp WatchKit Extension */,
			);
		};
/* End PBXProject section */

/* Begin PBXResourcesBuildPhase section */
		2BEFE0631E66DCAA00619D89 /* Resources */ = {
			isa = PBXResourcesBuildPhase;
			buildActionMask = 2147483647;
			files = (
				2BEFE0731E66DCAB00619D89 /* LaunchScreen.storyboard in Resources */,
				2BEFE0701E66DCAB00619D89 /* Assets.xcassets in Resources */,
				2BEFE06E1E66DCAB00619D89 /* Main.storyboard in Resources */,
			);
			runOnlyForDeploymentPostprocessing = 0;
		};
		2BEFE0771E66DCAB00619D89 /* Resources */ = {
			isa = PBXResourcesBuildPhase;
			buildActionMask = 2147483647;
			files = (
			);
			runOnlyForDeploymentPostprocessing = 0;
		};
		2BEFE0821E66DCAB00619D89 /* Resources */ = {
			isa = PBXResourcesBuildPhase;
			buildActionMask = 2147483647;
			files = (
			);
			runOnlyForDeploymentPostprocessing = 0;
		};
		2BEFE08B1E66DCAB00619D89 /* Resources */ = {
			isa = PBXResourcesBuildPhase;
			buildActionMask = 2147483647;
			files = (
				2BEFE0961E66DCAB00619D89 /* Assets.xcassets in Resources */,
				2BEFE0941E66DCAB00619D89 /* Interface.storyboard in Resources */,
			);
			runOnlyForDeploymentPostprocessing = 0;
		};
		2BEFE09A1E66DCAC00619D89 /* Resources */ = {
			isa = PBXResourcesBuildPhase;
			buildActionMask = 2147483647;
			files = (
				2BEFE0AA1E66DCAC00619D89 /* Assets.xcassets in Resources */,
			);
			runOnlyForDeploymentPostprocessing = 0;
		};
/* End PBXResourcesBuildPhase section */

/* Begin PBXShellScriptBuildPhase section */
		13473B9567483BE01E3E6511 /* [CP] Check Pods Manifest.lock */ = {
			isa = PBXShellScriptBuildPhase;
			buildActionMask = 2147483647;
			files = (
			);
			inputPaths = (
			);
			name = "[CP] Check Pods Manifest.lock";
			outputPaths = (
			);
			runOnlyForDeploymentPostprocessing = 0;
			shellPath = /bin/sh;
			shellScript = "diff \"${PODS_ROOT}/../Podfile.lock\" \"${PODS_ROOT}/Manifest.lock\" > /dev/null\nif [ $? != 0 ] ; then\n    # print error to STDERR\n    echo \"error: The sandbox is not in sync with the Podfile.lock. Run 'pod install' or update your CocoaPods installation.\" >&2\n    exit 1\nfi\n";
			showEnvVarsInLog = 0;
		};
		1489549F0908E068D4739132 /* [CP] Embed Pods Frameworks */ = {
			isa = PBXShellScriptBuildPhase;
			buildActionMask = 2147483647;
			files = (
			);
			inputPaths = (
			);
			name = "[CP] Embed Pods Frameworks";
			outputPaths = (
			);
			runOnlyForDeploymentPostprocessing = 0;
			shellPath = /bin/sh;
			shellScript = "\"${SRCROOT}/Pods/Target Support Files/Pods-WatchKitDemoApp/Pods-WatchKitDemoApp-frameworks.sh\"\n";
			showEnvVarsInLog = 0;
		};
		1F47B5F51BAD908D610D99F5 /* [CP] Check Pods Manifest.lock */ = {
			isa = PBXShellScriptBuildPhase;
			buildActionMask = 2147483647;
			files = (
			);
			inputPaths = (
			);
			name = "[CP] Check Pods Manifest.lock";
			outputPaths = (
			);
			runOnlyForDeploymentPostprocessing = 0;
			shellPath = /bin/sh;
			shellScript = "diff \"${PODS_ROOT}/../Podfile.lock\" \"${PODS_ROOT}/Manifest.lock\" > /dev/null\nif [ $? != 0 ] ; then\n    # print error to STDERR\n    echo \"error: The sandbox is not in sync with the Podfile.lock. Run 'pod install' or update your CocoaPods installation.\" >&2\n    exit 1\nfi\n";
			showEnvVarsInLog = 0;
		};
		370C3B849D1D9A4F5651C53F /* [CP] Copy Pods Resources */ = {
			isa = PBXShellScriptBuildPhase;
			buildActionMask = 2147483647;
			files = (
			);
			inputPaths = (
			);
			name = "[CP] Copy Pods Resources";
			outputPaths = (
			);
			runOnlyForDeploymentPostprocessing = 0;
			shellPath = /bin/sh;
			shellScript = "\"${SRCROOT}/Pods/Target Support Files/Pods-WatchKitDemoApp WatchKit App/Pods-WatchKitDemoApp WatchKit App-resources.sh\"\n";
			showEnvVarsInLog = 0;
		};
		449188AD0E9E64675C16BB8D /* [CP] Embed Pods Frameworks */ = {
			isa = PBXShellScriptBuildPhase;
			buildActionMask = 2147483647;
			files = (
			);
			inputPaths = (
			);
			name = "[CP] Embed Pods Frameworks";
			outputPaths = (
			);
			runOnlyForDeploymentPostprocessing = 0;
			shellPath = /bin/sh;
			shellScript = "\"${SRCROOT}/Pods/Target Support Files/Pods-WatchKitDemoAppUITests/Pods-WatchKitDemoAppUITests-frameworks.sh\"\n";
			showEnvVarsInLog = 0;
		};
		9BA4A5D0801CFD98699CAD37 /* [CP] Check Pods Manifest.lock */ = {
			isa = PBXShellScriptBuildPhase;
			buildActionMask = 2147483647;
			files = (
			);
			inputPaths = (
			);
			name = "[CP] Check Pods Manifest.lock";
			outputPaths = (
			);
			runOnlyForDeploymentPostprocessing = 0;
			shellPath = /bin/sh;
			shellScript = "diff \"${PODS_ROOT}/../Podfile.lock\" \"${PODS_ROOT}/Manifest.lock\" > /dev/null\nif [ $? != 0 ] ; then\n    # print error to STDERR\n    echo \"error: The sandbox is not in sync with the Podfile.lock. Run 'pod install' or update your CocoaPods installation.\" >&2\n    exit 1\nfi\n";
			showEnvVarsInLog = 0;
		};
		B82843E51DE711F69D05E406 /* [CP] Copy Pods Resources */ = {
			isa = PBXShellScriptBuildPhase;
			buildActionMask = 2147483647;
			files = (
			);
			inputPaths = (
			);
			name = "[CP] Copy Pods Resources";
			outputPaths = (
			);
			runOnlyForDeploymentPostprocessing = 0;
			shellPath = /bin/sh;
			shellScript = "\"${SRCROOT}/Pods/Target Support Files/Pods-WatchKitDemoAppUITests/Pods-WatchKitDemoAppUITests-resources.sh\"\n";
			showEnvVarsInLog = 0;
		};
		C93127B8B62B6ED7D2A82726 /* [CP] Copy Pods Resources */ = {
			isa = PBXShellScriptBuildPhase;
			buildActionMask = 2147483647;
			files = (
			);
			inputPaths = (
			);
			name = "[CP] Copy Pods Resources";
			outputPaths = (
			);
			runOnlyForDeploymentPostprocessing = 0;
			shellPath = /bin/sh;
			shellScript = "\"${SRCROOT}/Pods/Target Support Files/Pods-WatchKitDemoAppTests/Pods-WatchKitDemoAppTests-resources.sh\"\n";
			showEnvVarsInLog = 0;
		};
		CB0293FB8FED4046C5BAEE7B /* [CP] Copy Pods Resources */ = {
			isa = PBXShellScriptBuildPhase;
			buildActionMask = 2147483647;
			files = (
			);
			inputPaths = (
			);
			name = "[CP] Copy Pods Resources";
			outputPaths = (
			);
			runOnlyForDeploymentPostprocessing = 0;
			shellPath = /bin/sh;
			shellScript = "\"${SRCROOT}/Pods/Target Support Files/Pods-WatchKitDemoApp/Pods-WatchKitDemoApp-resources.sh\"\n";
			showEnvVarsInLog = 0;
		};
		D197341AA9AE1138CC57F5ED /* [CP] Check Pods Manifest.lock */ = {
			isa = PBXShellScriptBuildPhase;
			buildActionMask = 2147483647;
			files = (
			);
			inputPaths = (
			);
			name = "[CP] Check Pods Manifest.lock";
			outputPaths = (
			);
			runOnlyForDeploymentPostprocessing = 0;
			shellPath = /bin/sh;
			shellScript = "diff \"${PODS_ROOT}/../Podfile.lock\" \"${PODS_ROOT}/Manifest.lock\" > /dev/null\nif [ $? != 0 ] ; then\n    # print error to STDERR\n    echo \"error: The sandbox is not in sync with the Podfile.lock. Run 'pod install' or update your CocoaPods installation.\" >&2\n    exit 1\nfi\n";
			showEnvVarsInLog = 0;
		};
		D623A48307C6A7C1405873A0 /* [CP] Embed Pods Frameworks */ = {
			isa = PBXShellScriptBuildPhase;
			buildActionMask = 2147483647;
			files = (
			);
			inputPaths = (
			);
			name = "[CP] Embed Pods Frameworks";
			outputPaths = (
			);
			runOnlyForDeploymentPostprocessing = 0;
			shellPath = /bin/sh;
			shellScript = "\"${SRCROOT}/Pods/Target Support Files/Pods-WatchKitDemoApp WatchKit Extension/Pods-WatchKitDemoApp WatchKit Extension-frameworks.sh\"\n";
			showEnvVarsInLog = 0;
		};
		DDC580ED9064C2F93C6112E9 /* [CP] Check Pods Manifest.lock */ = {
			isa = PBXShellScriptBuildPhase;
			buildActionMask = 2147483647;
			files = (
			);
			inputPaths = (
			);
			name = "[CP] Check Pods Manifest.lock";
			outputPaths = (
			);
			runOnlyForDeploymentPostprocessing = 0;
			shellPath = /bin/sh;
			shellScript = "diff \"${PODS_ROOT}/../Podfile.lock\" \"${PODS_ROOT}/Manifest.lock\" > /dev/null\nif [ $? != 0 ] ; then\n    # print error to STDERR\n    echo \"error: The sandbox is not in sync with the Podfile.lock. Run 'pod install' or update your CocoaPods installation.\" >&2\n    exit 1\nfi\n";
			showEnvVarsInLog = 0;
		};
		DEEF90FDC0E972B0D755296D /* [CP] Copy Pods Resources */ = {
			isa = PBXShellScriptBuildPhase;
			buildActionMask = 2147483647;
			files = (
			);
			inputPaths = (
			);
			name = "[CP] Copy Pods Resources";
			outputPaths = (
			);
			runOnlyForDeploymentPostprocessing = 0;
			shellPath = /bin/sh;
			shellScript = "\"${SRCROOT}/Pods/Target Support Files/Pods-WatchKitDemoApp WatchKit Extension/Pods-WatchKitDemoApp WatchKit Extension-resources.sh\"\n";
			showEnvVarsInLog = 0;
		};
		F7C494DD9D9E76E4DD7FB577 /* [CP] Embed Pods Frameworks */ = {
			isa = PBXShellScriptBuildPhase;
			buildActionMask = 2147483647;
			files = (
			);
			inputPaths = (
			);
			name = "[CP] Embed Pods Frameworks";
			outputPaths = (
			);
			runOnlyForDeploymentPostprocessing = 0;
			shellPath = /bin/sh;
			shellScript = "\"${SRCROOT}/Pods/Target Support Files/Pods-WatchKitDemoAppTests/Pods-WatchKitDemoAppTests-frameworks.sh\"\n";
			showEnvVarsInLog = 0;
		};
/* End PBXShellScriptBuildPhase section */

/* Begin PBXSourcesBuildPhase section */
		2BEFE0611E66DCAA00619D89 /* Sources */ = {
			isa = PBXSourcesBuildPhase;
			buildActionMask = 2147483647;
			files = (
				2BEFE0CD1E66E58900619D89 /* ViewController.swift in Sources */,
				2BEFE0D61E66E8A500619D89 /* HealthManager.swift in Sources */,
				2BEFE0691E66DCAB00619D89 /* AppDelegate.swift in Sources */,
			);
			runOnlyForDeploymentPostprocessing = 0;
		};
		2BEFE0751E66DCAB00619D89 /* Sources */ = {
			isa = PBXSourcesBuildPhase;
			buildActionMask = 2147483647;
			files = (
				2BEFE07E1E66DCAB00619D89 /* WatchKitDemoAppTests.swift in Sources */,
			);
			runOnlyForDeploymentPostprocessing = 0;
		};
		2BEFE0801E66DCAB00619D89 /* Sources */ = {
			isa = PBXSourcesBuildPhase;
			buildActionMask = 2147483647;
			files = (
				2BEFE0891E66DCAB00619D89 /* WatchKitDemoAppUITests.swift in Sources */,
			);
			runOnlyForDeploymentPostprocessing = 0;
		};
		2BEFE0981E66DCAC00619D89 /* Sources */ = {
			isa = PBXSourcesBuildPhase;
			buildActionMask = 2147483647;
			files = (
				2BEFE0A81E66DCAC00619D89 /* NotificationController.swift in Sources */,
				2BEFE0A61E66DCAC00619D89 /* ExtensionDelegate.swift in Sources */,
				2BEFE0A41E66DCAC00619D89 /* InterfaceController.swift in Sources */,
			);
			runOnlyForDeploymentPostprocessing = 0;
		};
/* End PBXSourcesBuildPhase section */

/* Begin PBXTargetDependency section */
		2BEFE07B1E66DCAB00619D89 /* PBXTargetDependency */ = {
			isa = PBXTargetDependency;
			target = 2BEFE0641E66DCAA00619D89 /* WatchKitDemoApp */;
			targetProxy = 2BEFE07A1E66DCAB00619D89 /* PBXContainerItemProxy */;
		};
		2BEFE0861E66DCAB00619D89 /* PBXTargetDependency */ = {
			isa = PBXTargetDependency;
			target = 2BEFE0641E66DCAA00619D89 /* WatchKitDemoApp */;
			targetProxy = 2BEFE0851E66DCAB00619D89 /* PBXContainerItemProxy */;
		};
		2BEFE0901E66DCAB00619D89 /* PBXTargetDependency */ = {
			isa = PBXTargetDependency;
			target = 2BEFE08C1E66DCAB00619D89 /* WatchKitDemoApp WatchKit App */;
			targetProxy = 2BEFE08F1E66DCAB00619D89 /* PBXContainerItemProxy */;
		};
		2BEFE09F1E66DCAC00619D89 /* PBXTargetDependency */ = {
			isa = PBXTargetDependency;
			target = 2BEFE09B1E66DCAC00619D89 /* WatchKitDemoApp WatchKit Extension */;
			targetProxy = 2BEFE09E1E66DCAC00619D89 /* PBXContainerItemProxy */;
		};
/* End PBXTargetDependency section */

/* Begin PBXVariantGroup section */
		2BEFE06C1E66DCAB00619D89 /* Main.storyboard */ = {
			isa = PBXVariantGroup;
			children = (
				2BEFE06D1E66DCAB00619D89 /* Base */,
			);
			name = Main.storyboard;
			sourceTree = "<group>";
		};
		2BEFE0711E66DCAB00619D89 /* LaunchScreen.storyboard */ = {
			isa = PBXVariantGroup;
			children = (
				2BEFE0721E66DCAB00619D89 /* Base */,
			);
			name = LaunchScreen.storyboard;
			sourceTree = "<group>";
		};
		2BEFE0921E66DCAB00619D89 /* Interface.storyboard */ = {
			isa = PBXVariantGroup;
			children = (
				2BEFE0931E66DCAB00619D89 /* Base */,
			);
			name = Interface.storyboard;
			sourceTree = "<group>";
		};
/* End PBXVariantGroup section */

/* Begin XCBuildConfiguration section */
		2BEFE0AC1E66DCAC00619D89 /* Debug */ = {
			isa = XCBuildConfiguration;
			buildSettings = {
				ALWAYS_SEARCH_USER_PATHS = NO;
				CLANG_ANALYZER_NONNULL = YES;
				CLANG_CXX_LANGUAGE_STANDARD = "gnu++0x";
				CLANG_CXX_LIBRARY = "libc++";
				CLANG_ENABLE_MODULES = YES;
				CLANG_ENABLE_OBJC_ARC = YES;
				CLANG_WARN_BOOL_CONVERSION = YES;
				CLANG_WARN_CONSTANT_CONVERSION = YES;
				CLANG_WARN_DIRECT_OBJC_ISA_USAGE = YES_ERROR;
				CLANG_WARN_DOCUMENTATION_COMMENTS = YES;
				CLANG_WARN_EMPTY_BODY = YES;
				CLANG_WARN_ENUM_CONVERSION = YES;
				CLANG_WARN_INFINITE_RECURSION = YES;
				CLANG_WARN_INT_CONVERSION = YES;
				CLANG_WARN_OBJC_ROOT_CLASS = YES_ERROR;
				CLANG_WARN_SUSPICIOUS_MOVE = YES;
				CLANG_WARN_UNREACHABLE_CODE = YES;
				CLANG_WARN__DUPLICATE_METHOD_MATCH = YES;
				"CODE_SIGN_IDENTITY[sdk=iphoneos*]" = "iPhone Developer";
				COPY_PHASE_STRIP = NO;
				DEBUG_INFORMATION_FORMAT = dwarf;
				ENABLE_STRICT_OBJC_MSGSEND = YES;
				ENABLE_TESTABILITY = YES;
				GCC_C_LANGUAGE_STANDARD = gnu99;
				GCC_DYNAMIC_NO_PIC = NO;
				GCC_NO_COMMON_BLOCKS = YES;
				GCC_OPTIMIZATION_LEVEL = 0;
				GCC_PREPROCESSOR_DEFINITIONS = (
					"DEBUG=1",
					"$(inherited)",
				);
				GCC_WARN_64_TO_32_BIT_CONVERSION = YES;
				GCC_WARN_ABOUT_RETURN_TYPE = YES_ERROR;
				GCC_WARN_UNDECLARED_SELECTOR = YES;
				GCC_WARN_UNINITIALIZED_AUTOS = YES_AGGRESSIVE;
				GCC_WARN_UNUSED_FUNCTION = YES;
				GCC_WARN_UNUSED_VARIABLE = YES;
				IPHONEOS_DEPLOYMENT_TARGET = 10.2;
				MTL_ENABLE_DEBUG_INFO = YES;
				ONLY_ACTIVE_ARCH = YES;
				SDKROOT = iphoneos;
				SWIFT_ACTIVE_COMPILATION_CONDITIONS = DEBUG;
				SWIFT_OPTIMIZATION_LEVEL = "-Onone";
				TARGETED_DEVICE_FAMILY = "1,2";
			};
			name = Debug;
		};
		2BEFE0AD1E66DCAC00619D89 /* Release */ = {
			isa = XCBuildConfiguration;
			buildSettings = {
				ALWAYS_SEARCH_USER_PATHS = NO;
				CLANG_ANALYZER_NONNULL = YES;
				CLANG_CXX_LANGUAGE_STANDARD = "gnu++0x";
				CLANG_CXX_LIBRARY = "libc++";
				CLANG_ENABLE_MODULES = YES;
				CLANG_ENABLE_OBJC_ARC = YES;
				CLANG_WARN_BOOL_CONVERSION = YES;
				CLANG_WARN_CONSTANT_CONVERSION = YES;
				CLANG_WARN_DIRECT_OBJC_ISA_USAGE = YES_ERROR;
				CLANG_WARN_DOCUMENTATION_COMMENTS = YES;
				CLANG_WARN_EMPTY_BODY = YES;
				CLANG_WARN_ENUM_CONVERSION = YES;
				CLANG_WARN_INFINITE_RECURSION = YES;
				CLANG_WARN_INT_CONVERSION = YES;
				CLANG_WARN_OBJC_ROOT_CLASS = YES_ERROR;
				CLANG_WARN_SUSPICIOUS_MOVE = YES;
				CLANG_WARN_UNREACHABLE_CODE = YES;
				CLANG_WARN__DUPLICATE_METHOD_MATCH = YES;
				"CODE_SIGN_IDENTITY[sdk=iphoneos*]" = "iPhone Developer";
				COPY_PHASE_STRIP = NO;
				DEBUG_INFORMATION_FORMAT = "dwarf-with-dsym";
				ENABLE_NS_ASSERTIONS = NO;
				ENABLE_STRICT_OBJC_MSGSEND = YES;
				GCC_C_LANGUAGE_STANDARD = gnu99;
				GCC_NO_COMMON_BLOCKS = YES;
				GCC_WARN_64_TO_32_BIT_CONVERSION = YES;
				GCC_WARN_ABOUT_RETURN_TYPE = YES_ERROR;
				GCC_WARN_UNDECLARED_SELECTOR = YES;
				GCC_WARN_UNINITIALIZED_AUTOS = YES_AGGRESSIVE;
				GCC_WARN_UNUSED_FUNCTION = YES;
				GCC_WARN_UNUSED_VARIABLE = YES;
				IPHONEOS_DEPLOYMENT_TARGET = 10.2;
				MTL_ENABLE_DEBUG_INFO = NO;
				SDKROOT = iphoneos;
				SWIFT_OPTIMIZATION_LEVEL = "-Owholemodule";
				TARGETED_DEVICE_FAMILY = "1,2";
				VALIDATE_PRODUCT = YES;
			};
			name = Release;
		};
		2BEFE0AF1E66DCAC00619D89 /* Debug */ = {
			isa = XCBuildConfiguration;
			baseConfigurationReference = 7E1504ED635768A20E002874 /* Pods-WatchKitDemoApp WatchKit Extension.debug.xcconfig */;
			buildSettings = {
				ASSETCATALOG_COMPILER_COMPLICATION_NAME = Complication;
				DEVELOPMENT_TEAM = V47EB7AGDF;
				INFOPLIST_FILE = "WatchKitDemoApp WatchKit Extension/Info.plist";
				LD_RUNPATH_SEARCH_PATHS = "$(inherited) @executable_path/Frameworks @executable_path/../../Frameworks";
				PRODUCT_BUNDLE_IDENTIFIER = com.dmi.WatchKitDemoApp.watchkitapp.watchkitextension;
				PRODUCT_NAME = "${TARGET_NAME}";
				PROVISIONING_PROFILE = "12ce9f9c-1294-43da-abef-13ccf282320b";
				PROVISIONING_PROFILE_SPECIFIER = Dev_WatchKitExtensionProvisioning;
				SDKROOT = watchos;
				SKIP_INSTALL = YES;
				SWIFT_VERSION = 3.0;
				TARGETED_DEVICE_FAMILY = 4;
				WATCHOS_DEPLOYMENT_TARGET = 3.1;
			};
			name = Debug;
		};
		2BEFE0B01E66DCAC00619D89 /* Release */ = {
			isa = XCBuildConfiguration;
			baseConfigurationReference = FC4475E91CA4D81FD658D8F7 /* Pods-WatchKitDemoApp WatchKit Extension.release.xcconfig */;
			buildSettings = {
				ASSETCATALOG_COMPILER_COMPLICATION_NAME = Complication;
				DEVELOPMENT_TEAM = "";
				INFOPLIST_FILE = "WatchKitDemoApp WatchKit Extension/Info.plist";
				LD_RUNPATH_SEARCH_PATHS = "$(inherited) @executable_path/Frameworks @executable_path/../../Frameworks";
				PRODUCT_BUNDLE_IDENTIFIER = com.dmi.WatchKitDemoApp.watchkitapp.watchkitextension;
				PRODUCT_NAME = "${TARGET_NAME}";
				SDKROOT = watchos;
				SKIP_INSTALL = YES;
				SWIFT_VERSION = 3.0;
				TARGETED_DEVICE_FAMILY = 4;
				WATCHOS_DEPLOYMENT_TARGET = 3.1;
			};
			name = Release;
		};
		2BEFE0B31E66DCAC00619D89 /* Debug */ = {
			isa = XCBuildConfiguration;
			baseConfigurationReference = 2F1E641681EB3EEA7395A221 /* Pods-WatchKitDemoApp WatchKit App.debug.xcconfig */;
			buildSettings = {
				ALWAYS_EMBED_SWIFT_STANDARD_LIBRARIES = YES;
				ASSETCATALOG_COMPILER_APPICON_NAME = AppIcon;
				DEVELOPMENT_TEAM = V47EB7AGDF;
				IBSC_MODULE = WatchKitDemoApp_WatchKit_Extension;
				INFOPLIST_FILE = "WatchKitDemoApp WatchKit App/Info.plist";
				PRODUCT_BUNDLE_IDENTIFIER = com.dmi.WatchKitDemoApp.watchkitapp;
				PRODUCT_NAME = "$(TARGET_NAME)";
				PROVISIONING_PROFILE = "f5660b61-4133-4c2f-9bab-d19d6e3b0a98";
				PROVISIONING_PROFILE_SPECIFIER = Dev_WatchKitDemoApp;
				SDKROOT = watchos;
				SKIP_INSTALL = YES;
				SWIFT_VERSION = 3.0;
				TARGETED_DEVICE_FAMILY = 4;
				WATCHOS_DEPLOYMENT_TARGET = 3.1;
			};
			name = Debug;
		};
		2BEFE0B41E66DCAC00619D89 /* Release */ = {
			isa = XCBuildConfiguration;
			baseConfigurationReference = 6D59E57C2EAD9C502472154A /* Pods-WatchKitDemoApp WatchKit App.release.xcconfig */;
			buildSettings = {
				ALWAYS_EMBED_SWIFT_STANDARD_LIBRARIES = YES;
				ASSETCATALOG_COMPILER_APPICON_NAME = AppIcon;
				DEVELOPMENT_TEAM = "";
				IBSC_MODULE = WatchKitDemoApp_WatchKit_Extension;
				INFOPLIST_FILE = "WatchKitDemoApp WatchKit App/Info.plist";
				PRODUCT_BUNDLE_IDENTIFIER = com.dmi.WatchKitDemoApp.watchkitapp;
				PRODUCT_NAME = "$(TARGET_NAME)";
				SDKROOT = watchos;
				SKIP_INSTALL = YES;
				SWIFT_VERSION = 3.0;
				TARGETED_DEVICE_FAMILY = 4;
				WATCHOS_DEPLOYMENT_TARGET = 3.1;
			};
			name = Release;
		};
		2BEFE0B71E66DCAC00619D89 /* Debug */ = {
			isa = XCBuildConfiguration;
			baseConfigurationReference = 3A4D02CDE085C8E4758CE585 /* Pods-WatchKitDemoApp.debug.xcconfig */;
			buildSettings = {
				ASSETCATALOG_COMPILER_APPICON_NAME = AppIcon;
				DEVELOPMENT_TEAM = V47EB7AGDF;
				INFOPLIST_FILE = WatchKitDemoApp/Info.plist;
				LD_RUNPATH_SEARCH_PATHS = "$(inherited) @executable_path/Frameworks";
				PRODUCT_BUNDLE_IDENTIFIER = com.dmi.WatchKitDemoApp;
				PRODUCT_NAME = "$(TARGET_NAME)";
				PROVISIONING_PROFILE = "148e5013-efd3-4da0-8532-2e4a6cfe54b4";
				PROVISIONING_PROFILE_SPECIFIER = Dev_WatchKitDemoIOSAppProvisioning;
				SWIFT_VERSION = 3.0;
			};
			name = Debug;
		};
		2BEFE0B81E66DCAC00619D89 /* Release */ = {
			isa = XCBuildConfiguration;
			baseConfigurationReference = D21A01901B861AB9564DD1C6 /* Pods-WatchKitDemoApp.release.xcconfig */;
			buildSettings = {
				ASSETCATALOG_COMPILER_APPICON_NAME = AppIcon;
				DEVELOPMENT_TEAM = "";
				INFOPLIST_FILE = WatchKitDemoApp/Info.plist;
				LD_RUNPATH_SEARCH_PATHS = "$(inherited) @executable_path/Frameworks";
				PRODUCT_BUNDLE_IDENTIFIER = com.dmi.WatchKitDemoApp;
				PRODUCT_NAME = "$(TARGET_NAME)";
				SWIFT_VERSION = 3.0;
			};
			name = Release;
		};
		2BEFE0BA1E66DCAC00619D89 /* Debug */ = {
			isa = XCBuildConfiguration;
			baseConfigurationReference = 356470A9E39E0E6BEF57C9B7 /* Pods-WatchKitDemoAppTests.debug.xcconfig */;
			buildSettings = {
				ALWAYS_EMBED_SWIFT_STANDARD_LIBRARIES = YES;
				BUNDLE_LOADER = "$(TEST_HOST)";
				INFOPLIST_FILE = WatchKitDemoAppTests/Info.plist;
				LD_RUNPATH_SEARCH_PATHS = "$(inherited) @executable_path/Frameworks @loader_path/Frameworks";
				PRODUCT_BUNDLE_IDENTIFIER = com.dmi.WatchKitDemoAppTests;
				PRODUCT_NAME = "$(TARGET_NAME)";
				SWIFT_VERSION = 3.0;
				TEST_HOST = "$(BUILT_PRODUCTS_DIR)/WatchKitDemoApp.app/WatchKitDemoApp";
			};
			name = Debug;
		};
		2BEFE0BB1E66DCAC00619D89 /* Release */ = {
			isa = XCBuildConfiguration;
			baseConfigurationReference = 2BFEFB983EFEE9351F2CB986 /* Pods-WatchKitDemoAppTests.release.xcconfig */;
			buildSettings = {
				ALWAYS_EMBED_SWIFT_STANDARD_LIBRARIES = YES;
				BUNDLE_LOADER = "$(TEST_HOST)";
				INFOPLIST_FILE = WatchKitDemoAppTests/Info.plist;
				LD_RUNPATH_SEARCH_PATHS = "$(inherited) @executable_path/Frameworks @loader_path/Frameworks";
				PRODUCT_BUNDLE_IDENTIFIER = com.dmi.WatchKitDemoAppTests;
				PRODUCT_NAME = "$(TARGET_NAME)";
				SWIFT_VERSION = 3.0;
				TEST_HOST = "$(BUILT_PRODUCTS_DIR)/WatchKitDemoApp.app/WatchKitDemoApp";
			};
			name = Release;
		};
		2BEFE0BD1E66DCAC00619D89 /* Debug */ = {
			isa = XCBuildConfiguration;
			baseConfigurationReference = 21E2CE07E7F7953AD4684432 /* Pods-WatchKitDemoAppUITests.debug.xcconfig */;
			buildSettings = {
				ALWAYS_EMBED_SWIFT_STANDARD_LIBRARIES = YES;
				INFOPLIST_FILE = WatchKitDemoAppUITests/Info.plist;
				LD_RUNPATH_SEARCH_PATHS = "$(inherited) @executable_path/Frameworks @loader_path/Frameworks";
				PRODUCT_BUNDLE_IDENTIFIER = com.dmi.WatchKitDemoAppUITests;
				PRODUCT_NAME = "$(TARGET_NAME)";
				SWIFT_VERSION = 3.0;
				TEST_TARGET_NAME = WatchKitDemoApp;
			};
			name = Debug;
		};
		2BEFE0BE1E66DCAC00619D89 /* Release */ = {
			isa = XCBuildConfiguration;
			baseConfigurationReference = 44689A6754FC9FA2EA541073 /* Pods-WatchKitDemoAppUITests.release.xcconfig */;
			buildSettings = {
				ALWAYS_EMBED_SWIFT_STANDARD_LIBRARIES = YES;
				INFOPLIST_FILE = WatchKitDemoAppUITests/Info.plist;
				LD_RUNPATH_SEARCH_PATHS = "$(inherited) @executable_path/Frameworks @loader_path/Frameworks";
				PRODUCT_BUNDLE_IDENTIFIER = com.dmi.WatchKitDemoAppUITests;
				PRODUCT_NAME = "$(TARGET_NAME)";
				SWIFT_VERSION = 3.0;
				TEST_TARGET_NAME = WatchKitDemoApp;
			};
			name = Release;
		};
/* End XCBuildConfiguration section */

/* Begin XCConfigurationList section */
		2BEFE0601E66DCAA00619D89 /* Build configuration list for PBXProject "WatchKitDemoApp" */ = {
			isa = XCConfigurationList;
			buildConfigurations = (
				2BEFE0AC1E66DCAC00619D89 /* Debug */,
				2BEFE0AD1E66DCAC00619D89 /* Release */,
			);
			defaultConfigurationIsVisible = 0;
			defaultConfigurationName = Release;
		};
		2BEFE0AE1E66DCAC00619D89 /* Build configuration list for PBXNativeTarget "WatchKitDemoApp WatchKit Extension" */ = {
			isa = XCConfigurationList;
			buildConfigurations = (
				2BEFE0AF1E66DCAC00619D89 /* Debug */,
				2BEFE0B01E66DCAC00619D89 /* Release */,
			);
			defaultConfigurationIsVisible = 0;
			defaultConfigurationName = Release;
		};
		2BEFE0B21E66DCAC00619D89 /* Build configuration list for PBXNativeTarget "WatchKitDemoApp WatchKit App" */ = {
			isa = XCConfigurationList;
			buildConfigurations = (
				2BEFE0B31E66DCAC00619D89 /* Debug */,
				2BEFE0B41E66DCAC00619D89 /* Release */,
			);
			defaultConfigurationIsVisible = 0;
			defaultConfigurationName = Release;
		};
		2BEFE0B61E66DCAC00619D89 /* Build configuration list for PBXNativeTarget "WatchKitDemoApp" */ = {
			isa = XCConfigurationList;
			buildConfigurations = (
				2BEFE0B71E66DCAC00619D89 /* Debug */,
				2BEFE0B81E66DCAC00619D89 /* Release */,
			);
			defaultConfigurationIsVisible = 0;
			defaultConfigurationName = Release;
		};
		2BEFE0B91E66DCAC00619D89 /* Build configuration list for PBXNativeTarget "WatchKitDemoAppTests" */ = {
			isa = XCConfigurationList;
			buildConfigurations = (
				2BEFE0BA1E66DCAC00619D89 /* Debug */,
				2BEFE0BB1E66DCAC00619D89 /* Release */,
			);
			defaultConfigurationIsVisible = 0;
			defaultConfigurationName = Release;
		};
		2BEFE0BC1E66DCAC00619D89 /* Build configuration list for PBXNativeTarget "WatchKitDemoAppUITests" */ = {
			isa = XCConfigurationList;
			buildConfigurations = (
				2BEFE0BD1E66DCAC00619D89 /* Debug */,
				2BEFE0BE1E66DCAC00619D89 /* Release */,
			);
			defaultConfigurationIsVisible = 0;
			defaultConfigurationName = Release;
		};
/* End XCConfigurationList section */
	};
	rootObject = 2BEFE05D1E66DCAA00619D89 /* Project object */;
}
